// !$*UTF8*$!
{
	archiveVersion = 1;
	classes = {
	};
	objectVersion = 46;
	objects = {

/* Begin PBXBuildFile section */
		6E4974FC19E111B70064B5D8 /* NetworkSceneGraph.h in Headers */ = {isa = PBXBuildFile; fileRef = 6E4974FB19E111B70064B5D8 /* NetworkSceneGraph.h */; settings = {ATTRIBUTES = (Public, ); }; };
		6E49750219E111B70064B5D8 /* NetworkSceneGraph.framework in Frameworks */ = {isa = PBXBuildFile; fileRef = 6E4974F619E111B70064B5D8 /* NetworkSceneGraph.framework */; };
		6E49750919E111B70064B5D8 /* NetworkSceneGraphTests.swift in Sources */ = {isa = PBXBuildFile; fileRef = 6E49750819E111B70064B5D8 /* NetworkSceneGraphTests.swift */; };
		6E49751419E112340064B5D8 /* Model.xcdatamodeld in Sources */ = {isa = PBXBuildFile; fileRef = 6E49751219E112340064B5D8 /* Model.xcdatamodeld */; };
		6E49757719E19D900064B5D8 /* PhysicsVehicleWheel.swift in Sources */ = {isa = PBXBuildFile; fileRef = 6E49757619E19D900064B5D8 /* PhysicsVehicleWheel.swift */; };
		6E49757919E19D910064B5D8 /* PhysicsBody.swift in Sources */ = {isa = PBXBuildFile; fileRef = 6E49757819E19D910064B5D8 /* PhysicsBody.swift */; };
		6E49757B19E19D910064B5D8 /* Material.swift in Sources */ = {isa = PBXBuildFile; fileRef = 6E49757A19E19D910064B5D8 /* Material.swift */; };
		6E49757D19E19D910064B5D8 /* SoundDataSourceHLS.swift in Sources */ = {isa = PBXBuildFile; fileRef = 6E49757C19E19D910064B5D8 /* SoundDataSourceHLS.swift */; };
		6E49757F19E19D920064B5D8 /* Morpher.swift in Sources */ = {isa = PBXBuildFile; fileRef = 6E49757E19E19D920064B5D8 /* Morpher.swift */; };
		6E49758119E19D920064B5D8 /* MaterialPropertyContentImageURL.swift in Sources */ = {isa = PBXBuildFile; fileRef = 6E49758019E19D920064B5D8 /* MaterialPropertyContentImageURL.swift */; };
		6E49758319E19D920064B5D8 /* PhysicsField.swift in Sources */ = {isa = PBXBuildFile; fileRef = 6E49758219E19D920064B5D8 /* PhysicsField.swift */; };
		6E49758519E19D920064B5D8 /* PhysicsElectricField.swift in Sources */ = {isa = PBXBuildFile; fileRef = 6E49758419E19D920064B5D8 /* PhysicsElectricField.swift */; };
		6E49758719E19D920064B5D8 /* PhysicsHingeJoint.swift in Sources */ = {isa = PBXBuildFile; fileRef = 6E49758619E19D920064B5D8 /* PhysicsHingeJoint.swift */; };
		6E49758919E19D920064B5D8 /* Link.swift in Sources */ = {isa = PBXBuildFile; fileRef = 6E49758819E19D920064B5D8 /* Link.swift */; };
		6E49758B19E19D920064B5D8 /* Node.swift in Sources */ = {isa = PBXBuildFile; fileRef = 6E49758A19E19D920064B5D8 /* Node.swift */; };
		6E49758D19E19D920064B5D8 /* PhysicsMagneticField.swift in Sources */ = {isa = PBXBuildFile; fileRef = 6E49758C19E19D920064B5D8 /* PhysicsMagneticField.swift */; };
		6E49758F19E19D920064B5D8 /* Geometry.swift in Sources */ = {isa = PBXBuildFile; fileRef = 6E49758E19E19D920064B5D8 /* Geometry.swift */; };
		6E49759119E19D920064B5D8 /* MaterialPropertyContent.swift in Sources */ = {isa = PBXBuildFile; fileRef = 6E49759019E19D920064B5D8 /* MaterialPropertyContent.swift */; };
		6E49759319E19D920064B5D8 /* PhysicsVortexField.swift in Sources */ = {isa = PBXBuildFile; fileRef = 6E49759219E19D920064B5D8 /* PhysicsVortexField.swift */; };
		6E49759519E19D920064B5D8 /* Scene.swift in Sources */ = {isa = PBXBuildFile; fileRef = 6E49759419E19D920064B5D8 /* Scene.swift */; };
		6E49759919E19D920064B5D8 /* SoundDataSource.swift in Sources */ = {isa = PBXBuildFile; fileRef = 6E49759819E19D920064B5D8 /* SoundDataSource.swift */; };
		6E49759B19E19D920064B5D8 /* PhysicsWorld.swift in Sources */ = {isa = PBXBuildFile; fileRef = 6E49759A19E19D920064B5D8 /* PhysicsWorld.swift */; };
		6E49759D19E19D920064B5D8 /* PhysicsLinearGravityField.swift in Sources */ = {isa = PBXBuildFile; fileRef = 6E49759C19E19D920064B5D8 /* PhysicsLinearGravityField.swift */; };
		6E49759F19E19D920064B5D8 /* GeometryElement.swift in Sources */ = {isa = PBXBuildFile; fileRef = 6E49759E19E19D920064B5D8 /* GeometryElement.swift */; };
		6E4975A119E19D920064B5D8 /* SoundDataSourceData.swift in Sources */ = {isa = PBXBuildFile; fileRef = 6E4975A019E19D920064B5D8 /* SoundDataSourceData.swift */; };
		6E4975A319E19D920064B5D8 /* Camera.swift in Sources */ = {isa = PBXBuildFile; fileRef = 6E4975A219E19D920064B5D8 /* Camera.swift */; };
		6E4975A519E19D920064B5D8 /* MaterialPropertyContentColor.swift in Sources */ = {isa = PBXBuildFile; fileRef = 6E4975A419E19D920064B5D8 /* MaterialPropertyContentColor.swift */; };
		6E4975A719E19D930064B5D8 /* ParticleSystem.swift in Sources */ = {isa = PBXBuildFile; fileRef = 6E4975A619E19D930064B5D8 /* ParticleSystem.swift */; };
		6E4975A919E19D930064B5D8 /* PhysicsBehavior.swift in Sources */ = {isa = PBXBuildFile; fileRef = 6E4975A819E19D930064B5D8 /* PhysicsBehavior.swift */; };
		6E4975AB19E19D930064B5D8 /* GeometrySource.swift in Sources */ = {isa = PBXBuildFile; fileRef = 6E4975AA19E19D930064B5D8 /* GeometrySource.swift */; };
		6E4975AD19E19D930064B5D8 /* PhysicsRadialGravityField.swift in Sources */ = {isa = PBXBuildFile; fileRef = 6E4975AC19E19D930064B5D8 /* PhysicsRadialGravityField.swift */; };
		6E4975AF19E19D930064B5D8 /* Light.swift in Sources */ = {isa = PBXBuildFile; fileRef = 6E4975AE19E19D930064B5D8 /* Light.swift */; };
		6E4975B119E19D930064B5D8 /* PhysicsCustomField.swift in Sources */ = {isa = PBXBuildFile; fileRef = 6E4975B019E19D930064B5D8 /* PhysicsCustomField.swift */; };
		6E4975B319E19D930064B5D8 /* Sound.swift in Sources */ = {isa = PBXBuildFile; fileRef = 6E4975B219E19D930064B5D8 /* Sound.swift */; };
		6E4975B519E19D930064B5D8 /* PhysicsSliderJoint.swift in Sources */ = {isa = PBXBuildFile; fileRef = 6E4975B419E19D930064B5D8 /* PhysicsSliderJoint.swift */; };
		6E4975B719E19D930064B5D8 /* MaterialProperty.swift in Sources */ = {isa = PBXBuildFile; fileRef = 6E4975B619E19D930064B5D8 /* MaterialProperty.swift */; };
		6E4975B919E19D930064B5D8 /* MaterialPropertyContentVideoHLS.swift in Sources */ = {isa = PBXBuildFile; fileRef = 6E4975B819E19D930064B5D8 /* MaterialPropertyContentVideoHLS.swift */; };
		6E4975BB19E19D930064B5D8 /* PhysicsBallSocketJoint.swift in Sources */ = {isa = PBXBuildFile; fileRef = 6E4975BA19E19D930064B5D8 /* PhysicsBallSocketJoint.swift */; };
		6E4975BD19E19D930064B5D8 /* PhysicsNoiseField.swift in Sources */ = {isa = PBXBuildFile; fileRef = 6E4975BC19E19D930064B5D8 /* PhysicsNoiseField.swift */; };
		6E4975BF19E19D930064B5D8 /* PhysicsShape.swift in Sources */ = {isa = PBXBuildFile; fileRef = 6E4975BE19E19D930064B5D8 /* PhysicsShape.swift */; };
		6E4975C119E19D930064B5D8 /* PhysicsVehicle.swift in Sources */ = {isa = PBXBuildFile; fileRef = 6E4975C019E19D930064B5D8 /* PhysicsVehicle.swift */; };
		6E4975C319E19D930064B5D8 /* PhysicsTurbulenceField.swift in Sources */ = {isa = PBXBuildFile; fileRef = 6E4975C219E19D930064B5D8 /* PhysicsTurbulenceField.swift */; };
		6E4975C519E19D930064B5D8 /* MaterialPropertyContentCubeMapImages.swift in Sources */ = {isa = PBXBuildFile; fileRef = 6E4975C419E19D930064B5D8 /* MaterialPropertyContentCubeMapImages.swift */; };
		6E4975C719E19D930064B5D8 /* MaterialPropertyContentImage.swift in Sources */ = {isa = PBXBuildFile; fileRef = 6E4975C619E19D930064B5D8 /* MaterialPropertyContentImage.swift */; };
		6E4975C919E19D930064B5D8 /* PhysicsDragField.swift in Sources */ = {isa = PBXBuildFile; fileRef = 6E4975C819E19D930064B5D8 /* PhysicsDragField.swift */; };
		6E4975CB19E19D930064B5D8 /* PhysicsSpringField.swift in Sources */ = {isa = PBXBuildFile; fileRef = 6E4975CA19E19D930064B5D8 /* PhysicsSpringField.swift */; };
		6E4975CD19E19E0A0064B5D8 /* Skinner.swift in Sources */ = {isa = PBXBuildFile; fileRef = 6E4975CC19E19E0A0064B5D8 /* Skinner.swift */; };
/* End PBXBuildFile section */

/* Begin PBXContainerItemProxy section */
		6E49750319E111B70064B5D8 /* PBXContainerItemProxy */ = {
			isa = PBXContainerItemProxy;
			containerPortal = 6E4974ED19E111B60064B5D8 /* Project object */;
			proxyType = 1;
			remoteGlobalIDString = 6E4974F519E111B70064B5D8;
			remoteInfo = NetworkSceneGraph;
		};
/* End PBXContainerItemProxy section */

/* Begin PBXFileReference section */
		6E4974F619E111B70064B5D8 /* NetworkSceneGraph.framework */ = {isa = PBXFileReference; explicitFileType = wrapper.framework; includeInIndex = 0; path = NetworkSceneGraph.framework; sourceTree = BUILT_PRODUCTS_DIR; };
		6E4974FA19E111B70064B5D8 /* Info.plist */ = {isa = PBXFileReference; lastKnownFileType = text.plist.xml; path = Info.plist; sourceTree = "<group>"; };
		6E4974FB19E111B70064B5D8 /* NetworkSceneGraph.h */ = {isa = PBXFileReference; lastKnownFileType = sourcecode.c.h; path = NetworkSceneGraph.h; sourceTree = "<group>"; };
		6E49750119E111B70064B5D8 /* NetworkSceneGraphTests.xctest */ = {isa = PBXFileReference; explicitFileType = wrapper.cfbundle; includeInIndex = 0; path = NetworkSceneGraphTests.xctest; sourceTree = BUILT_PRODUCTS_DIR; };
		6E49750719E111B70064B5D8 /* Info.plist */ = {isa = PBXFileReference; lastKnownFileType = text.plist.xml; path = Info.plist; sourceTree = "<group>"; };
		6E49750819E111B70064B5D8 /* NetworkSceneGraphTests.swift */ = {isa = PBXFileReference; lastKnownFileType = sourcecode.swift; path = NetworkSceneGraphTests.swift; sourceTree = "<group>"; };
		6E49751319E112340064B5D8 /* Model.xcdatamodel */ = {isa = PBXFileReference; lastKnownFileType = wrapper.xcdatamodel; path = Model.xcdatamodel; sourceTree = "<group>"; };
		6E49757619E19D900064B5D8 /* PhysicsVehicleWheel.swift */ = {isa = PBXFileReference; fileEncoding = 4; lastKnownFileType = sourcecode.swift; path = PhysicsVehicleWheel.swift; sourceTree = "<group>"; };
		6E49757819E19D910064B5D8 /* PhysicsBody.swift */ = {isa = PBXFileReference; fileEncoding = 4; lastKnownFileType = sourcecode.swift; path = PhysicsBody.swift; sourceTree = "<group>"; };
		6E49757A19E19D910064B5D8 /* Material.swift */ = {isa = PBXFileReference; fileEncoding = 4; lastKnownFileType = sourcecode.swift; path = Material.swift; sourceTree = "<group>"; };
		6E49757C19E19D910064B5D8 /* SoundDataSourceHLS.swift */ = {isa = PBXFileReference; fileEncoding = 4; lastKnownFileType = sourcecode.swift; path = SoundDataSourceHLS.swift; sourceTree = "<group>"; };
		6E49757E19E19D920064B5D8 /* Morpher.swift */ = {isa = PBXFileReference; fileEncoding = 4; lastKnownFileType = sourcecode.swift; path = Morpher.swift; sourceTree = "<group>"; };
		6E49758019E19D920064B5D8 /* MaterialPropertyContentImageURL.swift */ = {isa = PBXFileReference; fileEncoding = 4; lastKnownFileType = sourcecode.swift; path = MaterialPropertyContentImageURL.swift; sourceTree = "<group>"; };
		6E49758219E19D920064B5D8 /* PhysicsField.swift */ = {isa = PBXFileReference; fileEncoding = 4; lastKnownFileType = sourcecode.swift; path = PhysicsField.swift; sourceTree = "<group>"; };
		6E49758419E19D920064B5D8 /* PhysicsElectricField.swift */ = {isa = PBXFileReference; fileEncoding = 4; lastKnownFileType = sourcecode.swift; path = PhysicsElectricField.swift; sourceTree = "<group>"; };
		6E49758619E19D920064B5D8 /* PhysicsHingeJoint.swift */ = {isa = PBXFileReference; fileEncoding = 4; lastKnownFileType = sourcecode.swift; path = PhysicsHingeJoint.swift; sourceTree = "<group>"; };
		6E49758819E19D920064B5D8 /* Link.swift */ = {isa = PBXFileReference; fileEncoding = 4; lastKnownFileType = sourcecode.swift; path = Link.swift; sourceTree = "<group>"; };
		6E49758A19E19D920064B5D8 /* Node.swift */ = {isa = PBXFileReference; fileEncoding = 4; lastKnownFileType = sourcecode.swift; path = Node.swift; sourceTree = "<group>"; };
		6E49758C19E19D920064B5D8 /* PhysicsMagneticField.swift */ = {isa = PBXFileReference; fileEncoding = 4; lastKnownFileType = sourcecode.swift; path = PhysicsMagneticField.swift; sourceTree = "<group>"; };
		6E49758E19E19D920064B5D8 /* Geometry.swift */ = {isa = PBXFileReference; fileEncoding = 4; lastKnownFileType = sourcecode.swift; path = Geometry.swift; sourceTree = "<group>"; };
		6E49759019E19D920064B5D8 /* MaterialPropertyContent.swift */ = {isa = PBXFileReference; fileEncoding = 4; lastKnownFileType = sourcecode.swift; path = MaterialPropertyContent.swift; sourceTree = "<group>"; };
		6E49759219E19D920064B5D8 /* PhysicsVortexField.swift */ = {isa = PBXFileReference; fileEncoding = 4; lastKnownFileType = sourcecode.swift; path = PhysicsVortexField.swift; sourceTree = "<group>"; };
		6E49759419E19D920064B5D8 /* Scene.swift */ = {isa = PBXFileReference; fileEncoding = 4; lastKnownFileType = sourcecode.swift; path = Scene.swift; sourceTree = "<group>"; };
		6E49759819E19D920064B5D8 /* SoundDataSource.swift */ = {isa = PBXFileReference; fileEncoding = 4; lastKnownFileType = sourcecode.swift; path = SoundDataSource.swift; sourceTree = "<group>"; };
		6E49759A19E19D920064B5D8 /* PhysicsWorld.swift */ = {isa = PBXFileReference; fileEncoding = 4; lastKnownFileType = sourcecode.swift; path = PhysicsWorld.swift; sourceTree = "<group>"; };
		6E49759C19E19D920064B5D8 /* PhysicsLinearGravityField.swift */ = {isa = PBXFileReference; fileEncoding = 4; lastKnownFileType = sourcecode.swift; path = PhysicsLinearGravityField.swift; sourceTree = "<group>"; };
		6E49759E19E19D920064B5D8 /* GeometryElement.swift */ = {isa = PBXFileReference; fileEncoding = 4; lastKnownFileType = sourcecode.swift; path = GeometryElement.swift; sourceTree = "<group>"; };
		6E4975A019E19D920064B5D8 /* SoundDataSourceData.swift */ = {isa = PBXFileReference; fileEncoding = 4; lastKnownFileType = sourcecode.swift; path = SoundDataSourceData.swift; sourceTree = "<group>"; };
		6E4975A219E19D920064B5D8 /* Camera.swift */ = {isa = PBXFileReference; fileEncoding = 4; lastKnownFileType = sourcecode.swift; path = Camera.swift; sourceTree = "<group>"; };
		6E4975A419E19D920064B5D8 /* MaterialPropertyContentColor.swift */ = {isa = PBXFileReference; fileEncoding = 4; lastKnownFileType = sourcecode.swift; path = MaterialPropertyContentColor.swift; sourceTree = "<group>"; };
		6E4975A619E19D930064B5D8 /* ParticleSystem.swift */ = {isa = PBXFileReference; fileEncoding = 4; lastKnownFileType = sourcecode.swift; path = ParticleSystem.swift; sourceTree = "<group>"; };
		6E4975A819E19D930064B5D8 /* PhysicsBehavior.swift */ = {isa = PBXFileReference; fileEncoding = 4; lastKnownFileType = sourcecode.swift; path = PhysicsBehavior.swift; sourceTree = "<group>"; };
		6E4975AA19E19D930064B5D8 /* GeometrySource.swift */ = {isa = PBXFileReference; fileEncoding = 4; lastKnownFileType = sourcecode.swift; path = GeometrySource.swift; sourceTree = "<group>"; };
		6E4975AC19E19D930064B5D8 /* PhysicsRadialGravityField.swift */ = {isa = PBXFileReference; fileEncoding = 4; lastKnownFileType = sourcecode.swift; path = PhysicsRadialGravityField.swift; sourceTree = "<group>"; };
		6E4975AE19E19D930064B5D8 /* Light.swift */ = {isa = PBXFileReference; fileEncoding = 4; lastKnownFileType = sourcecode.swift; path = Light.swift; sourceTree = "<group>"; };
		6E4975B019E19D930064B5D8 /* PhysicsCustomField.swift */ = {isa = PBXFileReference; fileEncoding = 4; lastKnownFileType = sourcecode.swift; path = PhysicsCustomField.swift; sourceTree = "<group>"; };
		6E4975B219E19D930064B5D8 /* Sound.swift */ = {isa = PBXFileReference; fileEncoding = 4; lastKnownFileType = sourcecode.swift; path = Sound.swift; sourceTree = "<group>"; };
		6E4975B419E19D930064B5D8 /* PhysicsSliderJoint.swift */ = {isa = PBXFileReference; fileEncoding = 4; lastKnownFileType = sourcecode.swift; path = PhysicsSliderJoint.swift; sourceTree = "<group>"; };
		6E4975B619E19D930064B5D8 /* MaterialProperty.swift */ = {isa = PBXFileReference; fileEncoding = 4; lastKnownFileType = sourcecode.swift; path = MaterialProperty.swift; sourceTree = "<group>"; };
		6E4975B819E19D930064B5D8 /* MaterialPropertyContentVideoHLS.swift */ = {isa = PBXFileReference; fileEncoding = 4; lastKnownFileType = sourcecode.swift; path = MaterialPropertyContentVideoHLS.swift; sourceTree = "<group>"; };
		6E4975BA19E19D930064B5D8 /* PhysicsBallSocketJoint.swift */ = {isa = PBXFileReference; fileEncoding = 4; lastKnownFileType = sourcecode.swift; path = PhysicsBallSocketJoint.swift; sourceTree = "<group>"; };
		6E4975BC19E19D930064B5D8 /* PhysicsNoiseField.swift */ = {isa = PBXFileReference; fileEncoding = 4; lastKnownFileType = sourcecode.swift; path = PhysicsNoiseField.swift; sourceTree = "<group>"; };
		6E4975BE19E19D930064B5D8 /* PhysicsShape.swift */ = {isa = PBXFileReference; fileEncoding = 4; lastKnownFileType = sourcecode.swift; path = PhysicsShape.swift; sourceTree = "<group>"; };
		6E4975C019E19D930064B5D8 /* PhysicsVehicle.swift */ = {isa = PBXFileReference; fileEncoding = 4; lastKnownFileType = sourcecode.swift; path = PhysicsVehicle.swift; sourceTree = "<group>"; };
		6E4975C219E19D930064B5D8 /* PhysicsTurbulenceField.swift */ = {isa = PBXFileReference; fileEncoding = 4; lastKnownFileType = sourcecode.swift; path = PhysicsTurbulenceField.swift; sourceTree = "<group>"; };
		6E4975C419E19D930064B5D8 /* MaterialPropertyContentCubeMapImages.swift */ = {isa = PBXFileReference; fileEncoding = 4; lastKnownFileType = sourcecode.swift; path = MaterialPropertyContentCubeMapImages.swift; sourceTree = "<group>"; };
		6E4975C619E19D930064B5D8 /* MaterialPropertyContentImage.swift */ = {isa = PBXFileReference; fileEncoding = 4; lastKnownFileType = sourcecode.swift; path = MaterialPropertyContentImage.swift; sourceTree = "<group>"; };
		6E4975C819E19D930064B5D8 /* PhysicsDragField.swift */ = {isa = PBXFileReference; fileEncoding = 4; lastKnownFileType = sourcecode.swift; path = PhysicsDragField.swift; sourceTree = "<group>"; };
		6E4975CA19E19D930064B5D8 /* PhysicsSpringField.swift */ = {isa = PBXFileReference; fileEncoding = 4; lastKnownFileType = sourcecode.swift; path = PhysicsSpringField.swift; sourceTree = "<group>"; };
		6E4975CC19E19E0A0064B5D8 /* Skinner.swift */ = {isa = PBXFileReference; fileEncoding = 4; lastKnownFileType = sourcecode.swift; path = Skinner.swift; sourceTree = "<group>"; };
/* End PBXFileReference section */

/* Begin PBXFrameworksBuildPhase section */
		6E4974F219E111B70064B5D8 /* Frameworks */ = {
			isa = PBXFrameworksBuildPhase;
			buildActionMask = 2147483647;
			files = (
			);
			runOnlyForDeploymentPostprocessing = 0;
		};
		6E4974FE19E111B70064B5D8 /* Frameworks */ = {
			isa = PBXFrameworksBuildPhase;
			buildActionMask = 2147483647;
			files = (
				6E49750219E111B70064B5D8 /* NetworkSceneGraph.framework in Frameworks */,
			);
			runOnlyForDeploymentPostprocessing = 0;
		};
/* End PBXFrameworksBuildPhase section */

/* Begin PBXGroup section */
		6E4974EC19E111B60064B5D8 = {
			isa = PBXGroup;
			children = (
				6E4974F819E111B70064B5D8 /* NetworkSceneGraph */,
				6E49750519E111B70064B5D8 /* NetworkSceneGraphTests */,
				6E4974F719E111B70064B5D8 /* Products */,
			);
			sourceTree = "<group>";
		};
		6E4974F719E111B70064B5D8 /* Products */ = {
			isa = PBXGroup;
			children = (
				6E4974F619E111B70064B5D8 /* NetworkSceneGraph.framework */,
				6E49750119E111B70064B5D8 /* NetworkSceneGraphTests.xctest */,
			);
			name = Products;
			sourceTree = "<group>";
		};
		6E4974F819E111B70064B5D8 /* NetworkSceneGraph */ = {
			isa = PBXGroup;
			children = (
				6E4974FB19E111B70064B5D8 /* NetworkSceneGraph.h */,
				6E49751219E112340064B5D8 /* Model.xcdatamodeld */,
				6E49757019E19AFB0064B5D8 /* Model */,
				6E4974F919E111B70064B5D8 /* Supporting Files */,
			);
			path = NetworkSceneGraph;
			sourceTree = "<group>";
		};
		6E4974F919E111B70064B5D8 /* Supporting Files */ = {
			isa = PBXGroup;
			children = (
				6E4974FA19E111B70064B5D8 /* Info.plist */,
			);
			name = "Supporting Files";
			sourceTree = "<group>";
		};
		6E49750519E111B70064B5D8 /* NetworkSceneGraphTests */ = {
			isa = PBXGroup;
			children = (
				6E49750819E111B70064B5D8 /* NetworkSceneGraphTests.swift */,
				6E49750619E111B70064B5D8 /* Supporting Files */,
			);
			path = NetworkSceneGraphTests;
			sourceTree = "<group>";
		};
		6E49750619E111B70064B5D8 /* Supporting Files */ = {
			isa = PBXGroup;
			children = (
				6E49750719E111B70064B5D8 /* Info.plist */,
			);
			name = "Supporting Files";
			sourceTree = "<group>";
		};
		6E49757019E19AFB0064B5D8 /* Model */ = {
			isa = PBXGroup;
			children = (
				6E49757119E19B050064B5D8 /* NSManagedObject */,
			);
			name = Model;
			sourceTree = "<group>";
		};
		6E49757119E19B050064B5D8 /* NSManagedObject */ = {
			isa = PBXGroup;
			children = (
				6E49759419E19D920064B5D8 /* Scene.swift */,
				6E49758A19E19D920064B5D8 /* Node.swift */,
				6E49758E19E19D920064B5D8 /* Geometry.swift */,
				6E4975CC19E19E0A0064B5D8 /* Skinner.swift */,
				6E4975C019E19D930064B5D8 /* PhysicsVehicle.swift */,
				6E4975BE19E19D930064B5D8 /* PhysicsShape.swift */,
				6E4975B619E19D930064B5D8 /* MaterialProperty.swift */,
				6E4975B219E19D930064B5D8 /* Sound.swift */,
				6E4975AE19E19D930064B5D8 /* Light.swift */,
				6E49758819E19D920064B5D8 /* Link.swift */,
				6E4975A219E19D920064B5D8 /* Camera.swift */,
				6E49757819E19D910064B5D8 /* PhysicsBody.swift */,
				6E49759E19E19D920064B5D8 /* GeometryElement.swift */,
				6E4975AA19E19D930064B5D8 /* GeometrySource.swift */,
				6E49757A19E19D910064B5D8 /* Material.swift */,
				6E49759019E19D920064B5D8 /* MaterialPropertyContent.swift */,
				6E4975A819E19D930064B5D8 /* PhysicsBehavior.swift */,
				6E4975A619E19D930064B5D8 /* ParticleSystem.swift */,
				6E49759A19E19D920064B5D8 /* PhysicsWorld.swift */,
				6E49759819E19D920064B5D8 /* SoundDataSource.swift */,
				6E49757E19E19D920064B5D8 /* Morpher.swift */,
				6E49757619E19D900064B5D8 /* PhysicsVehicleWheel.swift */,
				6E49758219E19D920064B5D8 /* PhysicsField.swift */,
				6E49757519E19BD20064B5D8 /* PhysicsJoint */,
				6E49757419E19B870064B5D8 /* SoundDataSource */,
				6E49757319E19B310064B5D8 /* MaterialPropertyContent */,
				6E49757219E19B210064B5D8 /* PhysicsField */,
			);
			name = NSManagedObject;
			sourceTree = "<group>";
		};
		6E49757219E19B210064B5D8 /* PhysicsField */ = {
			isa = PBXGroup;
			children = (
				6E4975CA19E19D930064B5D8 /* PhysicsSpringField.swift */,
				6E4975C819E19D930064B5D8 /* PhysicsDragField.swift */,
				6E4975C219E19D930064B5D8 /* PhysicsTurbulenceField.swift */,
				6E4975BC19E19D930064B5D8 /* PhysicsNoiseField.swift */,
				6E4975B019E19D930064B5D8 /* PhysicsCustomField.swift */,
				6E4975AC19E19D930064B5D8 /* PhysicsRadialGravityField.swift */,
				6E49759C19E19D920064B5D8 /* PhysicsLinearGravityField.swift */,
				6E49759219E19D920064B5D8 /* PhysicsVortexField.swift */,
				6E49758419E19D920064B5D8 /* PhysicsElectricField.swift */,
				6E49758C19E19D920064B5D8 /* PhysicsMagneticField.swift */,
			);
			name = PhysicsField;
			sourceTree = "<group>";
		};
		6E49757319E19B310064B5D8 /* MaterialPropertyContent */ = {
			isa = PBXGroup;
			children = (
				6E4975C619E19D930064B5D8 /* MaterialPropertyContentImage.swift */,
				6E4975C419E19D930064B5D8 /* MaterialPropertyContentCubeMapImages.swift */,
				6E4975B819E19D930064B5D8 /* MaterialPropertyContentVideoHLS.swift */,
				6E4975A419E19D920064B5D8 /* MaterialPropertyContentColor.swift */,
				6E49758019E19D920064B5D8 /* MaterialPropertyContentImageURL.swift */,
			);
			name = MaterialPropertyContent;
			sourceTree = "<group>";
		};
		6E49757419E19B870064B5D8 /* SoundDataSource */ = {
			isa = PBXGroup;
			children = (
				6E4975A019E19D920064B5D8 /* SoundDataSourceData.swift */,
				6E49757C19E19D910064B5D8 /* SoundDataSourceHLS.swift */,
			);
			name = SoundDataSource;
			sourceTree = "<group>";
		};
		6E49757519E19BD20064B5D8 /* PhysicsJoint */ = {
			isa = PBXGroup;
			children = (
				6E4975B419E19D930064B5D8 /* PhysicsSliderJoint.swift */,
				6E4975BA19E19D930064B5D8 /* PhysicsBallSocketJoint.swift */,
				6E49758619E19D920064B5D8 /* PhysicsHingeJoint.swift */,
			);
			name = PhysicsJoint;
			sourceTree = "<group>";
		};
/* End PBXGroup section */

/* Begin PBXHeadersBuildPhase section */
		6E4974F319E111B70064B5D8 /* Headers */ = {
			isa = PBXHeadersBuildPhase;
			buildActionMask = 2147483647;
			files = (
				6E4974FC19E111B70064B5D8 /* NetworkSceneGraph.h in Headers */,
			);
			runOnlyForDeploymentPostprocessing = 0;
		};
/* End PBXHeadersBuildPhase section */

/* Begin PBXNativeTarget section */
		6E4974F519E111B70064B5D8 /* NetworkSceneGraph */ = {
			isa = PBXNativeTarget;
			buildConfigurationList = 6E49750C19E111B70064B5D8 /* Build configuration list for PBXNativeTarget "NetworkSceneGraph" */;
			buildPhases = (
				6E4974F119E111B70064B5D8 /* Sources */,
				6E4974F219E111B70064B5D8 /* Frameworks */,
				6E4974F319E111B70064B5D8 /* Headers */,
				6E4974F419E111B70064B5D8 /* Resources */,
			);
			buildRules = (
			);
			dependencies = (
			);
			name = NetworkSceneGraph;
			productName = NetworkSceneGraph;
			productReference = 6E4974F619E111B70064B5D8 /* NetworkSceneGraph.framework */;
			productType = "com.apple.product-type.framework";
		};
		6E49750019E111B70064B5D8 /* NetworkSceneGraphTests */ = {
			isa = PBXNativeTarget;
			buildConfigurationList = 6E49750F19E111B70064B5D8 /* Build configuration list for PBXNativeTarget "NetworkSceneGraphTests" */;
			buildPhases = (
				6E4974FD19E111B70064B5D8 /* Sources */,
				6E4974FE19E111B70064B5D8 /* Frameworks */,
				6E4974FF19E111B70064B5D8 /* Resources */,
			);
			buildRules = (
			);
			dependencies = (
				6E49750419E111B70064B5D8 /* PBXTargetDependency */,
			);
			name = NetworkSceneGraphTests;
			productName = NetworkSceneGraphTests;
			productReference = 6E49750119E111B70064B5D8 /* NetworkSceneGraphTests.xctest */;
			productType = "com.apple.product-type.bundle.unit-test";
		};
/* End PBXNativeTarget section */

/* Begin PBXProject section */
		6E4974ED19E111B60064B5D8 /* Project object */ = {
			isa = PBXProject;
			attributes = {
				LastUpgradeCheck = 0610;
				ORGANIZATIONNAME = ColemanCDA;
				TargetAttributes = {
					6E4974F519E111B70064B5D8 = {
						CreatedOnToolsVersion = 6.1;
					};
					6E49750019E111B70064B5D8 = {
						CreatedOnToolsVersion = 6.1;
					};
				};
			};
			buildConfigurationList = 6E4974F019E111B60064B5D8 /* Build configuration list for PBXProject "NetworkSceneGraph" */;
			compatibilityVersion = "Xcode 3.2";
			developmentRegion = English;
			hasScannedForEncodings = 0;
			knownRegions = (
				en,
			);
			mainGroup = 6E4974EC19E111B60064B5D8;
			productRefGroup = 6E4974F719E111B70064B5D8 /* Products */;
			projectDirPath = "";
			projectRoot = "";
			targets = (
				6E4974F519E111B70064B5D8 /* NetworkSceneGraph */,
				6E49750019E111B70064B5D8 /* NetworkSceneGraphTests */,
			);
		};
/* End PBXProject section */

/* Begin PBXResourcesBuildPhase section */
		6E4974F419E111B70064B5D8 /* Resources */ = {
			isa = PBXResourcesBuildPhase;
			buildActionMask = 2147483647;
			files = (
			);
			runOnlyForDeploymentPostprocessing = 0;
		};
		6E4974FF19E111B70064B5D8 /* Resources */ = {
			isa = PBXResourcesBuildPhase;
			buildActionMask = 2147483647;
			files = (
			);
			runOnlyForDeploymentPostprocessing = 0;
		};
/* End PBXResourcesBuildPhase section */

/* Begin PBXSourcesBuildPhase section */
		6E4974F119E111B70064B5D8 /* Sources */ = {
			isa = PBXSourcesBuildPhase;
			buildActionMask = 2147483647;
			files = (
				6E4975B719E19D930064B5D8 /* MaterialProperty.swift in Sources */,
				6E49759919E19D920064B5D8 /* SoundDataSource.swift in Sources */,
				6E4975B319E19D930064B5D8 /* Sound.swift in Sources */,
				6E49758D19E19D920064B5D8 /* PhysicsMagneticField.swift in Sources */,
				6E49759D19E19D920064B5D8 /* PhysicsLinearGravityField.swift in Sources */,
				6E4975A719E19D930064B5D8 /* ParticleSystem.swift in Sources */,
				6E49757D19E19D910064B5D8 /* SoundDataSourceHLS.swift in Sources */,
				6E49757B19E19D910064B5D8 /* Material.swift in Sources */,
				6E49758F19E19D920064B5D8 /* Geometry.swift in Sources */,
				6E4975C919E19D930064B5D8 /* PhysicsDragField.swift in Sources */,
				6E49758919E19D920064B5D8 /* Link.swift in Sources */,
				6E49758719E19D920064B5D8 /* PhysicsHingeJoint.swift in Sources */,
				6E49759119E19D920064B5D8 /* MaterialPropertyContent.swift in Sources */,
				6E4975C319E19D930064B5D8 /* PhysicsTurbulenceField.swift in Sources */,
				6E49759519E19D920064B5D8 /* Scene.swift in Sources */,
				6E4975AD19E19D930064B5D8 /* PhysicsRadialGravityField.swift in Sources */,
				6E49758B19E19D920064B5D8 /* Node.swift in Sources */,
				6E4975C519E19D930064B5D8 /* MaterialPropertyContentCubeMapImages.swift in Sources */,
				6E4975BF19E19D930064B5D8 /* PhysicsShape.swift in Sources */,
				6E49759319E19D920064B5D8 /* PhysicsVortexField.swift in Sources */,
				6E4975C119E19D930064B5D8 /* PhysicsVehicle.swift in Sources */,
				6E49758519E19D920064B5D8 /* PhysicsElectricField.swift in Sources */,
				6E4975CD19E19E0A0064B5D8 /* Skinner.swift in Sources */,
				6E4975B519E19D930064B5D8 /* PhysicsSliderJoint.swift in Sources */,
				6E49757919E19D910064B5D8 /* PhysicsBody.swift in Sources */,
				6E4975A519E19D920064B5D8 /* MaterialPropertyContentColor.swift in Sources */,
				6E49757F19E19D920064B5D8 /* Morpher.swift in Sources */,
				6E4975BB19E19D930064B5D8 /* PhysicsBallSocketJoint.swift in Sources */,
				6E49758119E19D920064B5D8 /* MaterialPropertyContentImageURL.swift in Sources */,
				6E49759F19E19D920064B5D8 /* GeometryElement.swift in Sources */,
				6E4975CB19E19D930064B5D8 /* PhysicsSpringField.swift in Sources */,
				6E4975B119E19D930064B5D8 /* PhysicsCustomField.swift in Sources */,
				6E4975B919E19D930064B5D8 /* MaterialPropertyContentVideoHLS.swift in Sources */,
				6E4975A119E19D920064B5D8 /* SoundDataSourceData.swift in Sources */,
				6E4975AB19E19D930064B5D8 /* GeometrySource.swift in Sources */,
				6E4975AF19E19D930064B5D8 /* Light.swift in Sources */,
				6E49751419E112340064B5D8 /* Model.xcdatamodeld in Sources */,
				6E4975BD19E19D930064B5D8 /* PhysicsNoiseField.swift in Sources */,
				6E4975A319E19D920064B5D8 /* Camera.swift in Sources */,
				6E49757719E19D900064B5D8 /* PhysicsVehicleWheel.swift in Sources */,
				6E49758319E19D920064B5D8 /* PhysicsField.swift in Sources */,
				6E49759B19E19D920064B5D8 /* PhysicsWorld.swift in Sources */,
				6E4975C719E19D930064B5D8 /* MaterialPropertyContentImage.swift in Sources */,
				6E4975A919E19D930064B5D8 /* PhysicsBehavior.swift in Sources */,
			);
			runOnlyForDeploymentPostprocessing = 0;
		};
		6E4974FD19E111B70064B5D8 /* Sources */ = {
			isa = PBXSourcesBuildPhase;
			buildActionMask = 2147483647;
			files = (
				6E49750919E111B70064B5D8 /* NetworkSceneGraphTests.swift in Sources */,
			);
			runOnlyForDeploymentPostprocessing = 0;
		};
/* End PBXSourcesBuildPhase section */

/* Begin PBXTargetDependency section */
		6E49750419E111B70064B5D8 /* PBXTargetDependency */ = {
			isa = PBXTargetDependency;
			target = 6E4974F519E111B70064B5D8 /* NetworkSceneGraph */;
			targetProxy = 6E49750319E111B70064B5D8 /* PBXContainerItemProxy */;
		};
/* End PBXTargetDependency section */

/* Begin XCBuildConfiguration section */
		6E49750A19E111B70064B5D8 /* Debug */ = {
			isa = XCBuildConfiguration;
			buildSettings = {
				ALWAYS_SEARCH_USER_PATHS = NO;
				CLANG_CXX_LANGUAGE_STANDARD = "gnu++0x";
				CLANG_CXX_LIBRARY = "libc++";
				CLANG_ENABLE_MODULES = YES;
				CLANG_ENABLE_OBJC_ARC = YES;
				CLANG_WARN_BOOL_CONVERSION = YES;
				CLANG_WARN_CONSTANT_CONVERSION = YES;
				CLANG_WARN_DIRECT_OBJC_ISA_USAGE = YES_ERROR;
				CLANG_WARN_EMPTY_BODY = YES;
				CLANG_WARN_ENUM_CONVERSION = YES;
				CLANG_WARN_INT_CONVERSION = YES;
				CLANG_WARN_OBJC_ROOT_CLASS = YES_ERROR;
				CLANG_WARN_UNREACHABLE_CODE = YES;
				CLANG_WARN__DUPLICATE_METHOD_MATCH = YES;
				"CODE_SIGN_IDENTITY[sdk=iphoneos*]" = "iPhone Developer";
				COPY_PHASE_STRIP = NO;
				CURRENT_PROJECT_VERSION = 1;
				ENABLE_STRICT_OBJC_MSGSEND = YES;
				GCC_C_LANGUAGE_STANDARD = gnu99;
				GCC_DYNAMIC_NO_PIC = NO;
				GCC_OPTIMIZATION_LEVEL = 0;
				GCC_PREPROCESSOR_DEFINITIONS = (
					"DEBUG=1",
					"$(inherited)",
				);
				GCC_SYMBOLS_PRIVATE_EXTERN = NO;
				GCC_WARN_64_TO_32_BIT_CONVERSION = YES;
				GCC_WARN_ABOUT_RETURN_TYPE = YES_ERROR;
				GCC_WARN_UNDECLARED_SELECTOR = YES;
				GCC_WARN_UNINITIALIZED_AUTOS = YES_AGGRESSIVE;
				GCC_WARN_UNUSED_FUNCTION = YES;
				GCC_WARN_UNUSED_VARIABLE = YES;
				IPHONEOS_DEPLOYMENT_TARGET = 8.1;
				MTL_ENABLE_DEBUG_INFO = YES;
				ONLY_ACTIVE_ARCH = YES;
				SDKROOT = iphoneos;
				SWIFT_OPTIMIZATION_LEVEL = "-Onone";
				TARGETED_DEVICE_FAMILY = "1,2";
				VERSIONING_SYSTEM = "apple-generic";
				VERSION_INFO_PREFIX = "";
			};
			name = Debug;
		};
		6E49750B19E111B70064B5D8 /* Release */ = {
			isa = XCBuildConfiguration;
			buildSettings = {
				ALWAYS_SEARCH_USER_PATHS = NO;
				CLANG_CXX_LANGUAGE_STANDARD = "gnu++0x";
				CLANG_CXX_LIBRARY = "libc++";
				CLANG_ENABLE_MODULES = YES;
				CLANG_ENABLE_OBJC_ARC = YES;
				CLANG_WARN_BOOL_CONVERSION = YES;
				CLANG_WARN_CONSTANT_CONVERSION = YES;
				CLANG_WARN_DIRECT_OBJC_ISA_USAGE = YES_ERROR;
				CLANG_WARN_EMPTY_BODY = YES;
				CLANG_WARN_ENUM_CONVERSION = YES;
				CLANG_WARN_INT_CONVERSION = YES;
				CLANG_WARN_OBJC_ROOT_CLASS = YES_ERROR;
				CLANG_WARN_UNREACHABLE_CODE = YES;
				CLANG_WARN__DUPLICATE_METHOD_MATCH = YES;
				"CODE_SIGN_IDENTITY[sdk=iphoneos*]" = "iPhone Developer";
				COPY_PHASE_STRIP = YES;
				CURRENT_PROJECT_VERSION = 1;
				ENABLE_NS_ASSERTIONS = NO;
				ENABLE_STRICT_OBJC_MSGSEND = YES;
				GCC_C_LANGUAGE_STANDARD = gnu99;
				GCC_WARN_64_TO_32_BIT_CONVERSION = YES;
				GCC_WARN_ABOUT_RETURN_TYPE = YES_ERROR;
				GCC_WARN_UNDECLARED_SELECTOR = YES;
				GCC_WARN_UNINITIALIZED_AUTOS = YES_AGGRESSIVE;
				GCC_WARN_UNUSED_FUNCTION = YES;
				GCC_WARN_UNUSED_VARIABLE = YES;
				IPHONEOS_DEPLOYMENT_TARGET = 8.1;
				MTL_ENABLE_DEBUG_INFO = NO;
				SDKROOT = iphoneos;
				TARGETED_DEVICE_FAMILY = "1,2";
				VALIDATE_PRODUCT = YES;
				VERSIONING_SYSTEM = "apple-generic";
				VERSION_INFO_PREFIX = "";
			};
			name = Release;
		};
		6E49750D19E111B70064B5D8 /* Debug */ = {
			isa = XCBuildConfiguration;
			buildSettings = {
				CLANG_ENABLE_MODULES = YES;
				DEFINES_MODULE = YES;
				DYLIB_COMPATIBILITY_VERSION = 1;
				DYLIB_CURRENT_VERSION = 1;
				DYLIB_INSTALL_NAME_BASE = "@rpath";
				INFOPLIST_FILE = NetworkSceneGraph/Info.plist;
				INSTALL_PATH = "$(LOCAL_LIBRARY_DIR)/Frameworks";
				LD_RUNPATH_SEARCH_PATHS = "$(inherited) @executable_path/Frameworks @loader_path/Frameworks";
				PRODUCT_NAME = "$(TARGET_NAME)";
				SDKROOT = iphoneos;
				SKIP_INSTALL = YES;
				SUPPORTED_PLATFORMS = "iphonesimulator iphoneos macosx";
				SWIFT_OPTIMIZATION_LEVEL = "-Onone";
				VALID_ARCHS = "arm64 armv7 armv7s i386 x86_64";
			};
			name = Debug;
		};
		6E49750E19E111B70064B5D8 /* Release */ = {
			isa = XCBuildConfiguration;
			buildSettings = {
				CLANG_ENABLE_MODULES = YES;
				DEFINES_MODULE = YES;
				DYLIB_COMPATIBILITY_VERSION = 1;
				DYLIB_CURRENT_VERSION = 1;
				DYLIB_INSTALL_NAME_BASE = "@rpath";
				INFOPLIST_FILE = NetworkSceneGraph/Info.plist;
				INSTALL_PATH = "$(LOCAL_LIBRARY_DIR)/Frameworks";
				LD_RUNPATH_SEARCH_PATHS = "$(inherited) @executable_path/Frameworks @loader_path/Frameworks";
				PRODUCT_NAME = "$(TARGET_NAME)";
				SDKROOT = iphoneos;
				SKIP_INSTALL = YES;
				SUPPORTED_PLATFORMS = "iphonesimulator iphoneos macosx";
				VALID_ARCHS = "arm64 armv7 armv7s i386 x86_64";
			};
			name = Release;
		};
		6E49751019E111B70064B5D8 /* Debug */ = {
			isa = XCBuildConfiguration;
			buildSettings = {
				FRAMEWORK_SEARCH_PATHS = (
					"$(SDKROOT)/Developer/Library/Frameworks",
					"$(inherited)",
				);
				GCC_PREPROCESSOR_DEFINITIONS = (
					"DEBUG=1",
					"$(inherited)",
				);
				INFOPLIST_FILE = NetworkSceneGraphTests/Info.plist;
				LD_RUNPATH_SEARCH_PATHS = "$(inherited) @executable_path/Frameworks @loader_path/Frameworks";
				PRODUCT_NAME = "$(TARGET_NAME)";
			};
			name = Debug;
		};
		6E49751119E111B70064B5D8 /* Release */ = {
			isa = XCBuildConfiguration;
			buildSettings = {
				FRAMEWORK_SEARCH_PATHS = (
					"$(SDKROOT)/Developer/Library/Frameworks",
					"$(inherited)",
				);
				INFOPLIST_FILE = NetworkSceneGraphTests/Info.plist;
				LD_RUNPATH_SEARCH_PATHS = "$(inherited) @executable_path/Frameworks @loader_path/Frameworks";
				PRODUCT_NAME = "$(TARGET_NAME)";
			};
			name = Release;
		};
/* End XCBuildConfiguration section */

/* Begin XCConfigurationList section */
		6E4974F019E111B60064B5D8 /* Build configuration list for PBXProject "NetworkSceneGraph" */ = {
			isa = XCConfigurationList;
			buildConfigurations = (
				6E49750A19E111B70064B5D8 /* Debug */,
				6E49750B19E111B70064B5D8 /* Release */,
			);
			defaultConfigurationIsVisible = 0;
			defaultConfigurationName = Release;
		};
		6E49750C19E111B70064B5D8 /* Build configuration list for PBXNativeTarget "NetworkSceneGraph" */ = {
			isa = XCConfigurationList;
			buildConfigurations = (
				6E49750D19E111B70064B5D8 /* Debug */,
				6E49750E19E111B70064B5D8 /* Release */,
			);
			defaultConfigurationIsVisible = 0;
			defaultConfigurationName = Release;
		};
		6E49750F19E111B70064B5D8 /* Build configuration list for PBXNativeTarget "NetworkSceneGraphTests" */ = {
			isa = XCConfigurationList;
			buildConfigurations = (
				6E49751019E111B70064B5D8 /* Debug */,
				6E49751119E111B70064B5D8 /* Release */,
			);
			defaultConfigurationIsVisible = 0;
			defaultConfigurationName = Release;
		};
/* End XCConfigurationList section */

/* Begin XCVersionGroup section */
		6E49751219E112340064B5D8 /* Model.xcdatamodeld */ = {
			isa = XCVersionGroup;
			children = (
				6E49751319E112340064B5D8 /* Model.xcdatamodel */,
			);
			currentVersion = 6E49751319E112340064B5D8 /* Model.xcdatamodel */;
			path = Model.xcdatamodeld;
			sourceTree = "<group>";
			versionGroupType = wrapper.xcdatamodel;
		};
/* End XCVersionGroup section */
	};
	rootObject = 6E4974ED19E111B60064B5D8 /* Project object */;
}
