// !$*UTF8*$!
{
	archiveVersion = 1;
	classes = {
	};
	objectVersion = 46;
	objects = {

/* Begin PBXBuildFile section */
		6E124F301934F840004D6A32 /* NSGModel.xcdatamodeld in Sources */ = {isa = PBXBuildFile; fileRef = 6E124F2E1934F840004D6A32 /* NSGModel.xcdatamodeld */; };
		6E124F311934F840004D6A32 /* NSGModel.xcdatamodeld in Sources */ = {isa = PBXBuildFile; fileRef = 6E124F2E1934F840004D6A32 /* NSGModel.xcdatamodeld */; };
		6E124F3719350FFB004D6A32 /* SceneKit.framework in Frameworks */ = {isa = PBXBuildFile; fileRef = 6E124F3619350FFB004D6A32 /* SceneKit.framework */; };
		6E4EBBD71936D1E600FC2546 /* NSString+SCNVector3.h in Headers */ = {isa = PBXBuildFile; fileRef = 6E4EBBD51936D1E600FC2546 /* NSString+SCNVector3.h */; settings = {ATTRIBUTES = (Public, ); }; };
		6E4EBBD81936D1E600FC2546 /* NSString+SCNVector3.m in Sources */ = {isa = PBXBuildFile; fileRef = 6E4EBBD61936D1E600FC2546 /* NSString+SCNVector3.m */; };
		6E4EBBDB1936D30500FC2546 /* NSString+SCNVector4.h in Headers */ = {isa = PBXBuildFile; fileRef = 6E4EBBD91936D30500FC2546 /* NSString+SCNVector4.h */; settings = {ATTRIBUTES = (Public, ); }; };
		6E4EBBDC1936D30500FC2546 /* NSString+SCNVector4.m in Sources */ = {isa = PBXBuildFile; fileRef = 6E4EBBDA1936D30500FC2546 /* NSString+SCNVector4.m */; };
		6E4EBBDF1936E87200FC2546 /* NSString+CGColorRef.h in Headers */ = {isa = PBXBuildFile; fileRef = 6E4EBBDD1936E87200FC2546 /* NSString+CGColorRef.h */; settings = {ATTRIBUTES = (Public, ); }; };
		6E4EBBE01936E87200FC2546 /* NSString+CGColorRef.m in Sources */ = {isa = PBXBuildFile; fileRef = 6E4EBBDE1936E87200FC2546 /* NSString+CGColorRef.m */; };
		6E5CFB5E194D3751000DD664 /* NetworkObjects.framework in Frameworks */ = {isa = PBXBuildFile; fileRef = 6EB48407194D2CD00086D744 /* NetworkObjects.framework */; };
		6EB390371939114600078904 /* NetworkSceneGraph.h in Headers */ = {isa = PBXBuildFile; fileRef = 6EBC63D8192FEF3E00FCF7C3 /* NetworkSceneGraph.h */; settings = {ATTRIBUTES = (Public, ); }; };
		6EBC63CC192FEF3E00FCF7C3 /* Cocoa.framework in Frameworks */ = {isa = PBXBuildFile; fileRef = 6EBC63CB192FEF3E00FCF7C3 /* Cocoa.framework */; };
		6EBC63D6192FEF3E00FCF7C3 /* InfoPlist.strings in Resources */ = {isa = PBXBuildFile; fileRef = 6EBC63D4192FEF3E00FCF7C3 /* InfoPlist.strings */; };
		6EBC63E1192FEF3E00FCF7C3 /* XCTest.framework in Frameworks */ = {isa = PBXBuildFile; fileRef = 6EBC63E0192FEF3E00FCF7C3 /* XCTest.framework */; };
		6EBC63E2192FEF3E00FCF7C3 /* Cocoa.framework in Frameworks */ = {isa = PBXBuildFile; fileRef = 6EBC63CB192FEF3E00FCF7C3 /* Cocoa.framework */; };
		6EBC63E5192FEF3E00FCF7C3 /* NetworkSceneGraph.framework in Frameworks */ = {isa = PBXBuildFile; fileRef = 6EBC63C8192FEF3E00FCF7C3 /* NetworkSceneGraph.framework */; };
		6EBC63EB192FEF3E00FCF7C3 /* InfoPlist.strings in Resources */ = {isa = PBXBuildFile; fileRef = 6EBC63E9192FEF3E00FCF7C3 /* InfoPlist.strings */; };
		6EBC63ED192FEF3E00FCF7C3 /* NetworkSceneGraphTests.m in Sources */ = {isa = PBXBuildFile; fileRef = 6EBC63EC192FEF3E00FCF7C3 /* NetworkSceneGraphTests.m */; };
		6ED5C6391938CE4000CE0EE0 /* NSManagedObjectModel+NetworkSceneGraph.h in Headers */ = {isa = PBXBuildFile; fileRef = 6ED5C6371938CE4000CE0EE0 /* NSManagedObjectModel+NetworkSceneGraph.h */; settings = {ATTRIBUTES = (Public, ); }; };
		6ED5C63A1938CE4000CE0EE0 /* NSManagedObjectModel+NetworkSceneGraph.m in Sources */ = {isa = PBXBuildFile; fileRef = 6ED5C6381938CE4000CE0EE0 /* NSManagedObjectModel+NetworkSceneGraph.m */; };
/* End PBXBuildFile section */

/* Begin PBXContainerItemProxy section */
		6E5CFB5F194D3758000DD664 /* PBXContainerItemProxy */ = {
			isa = PBXContainerItemProxy;
			containerPortal = 6EB48401194D2CD00086D744 /* NetworkObjects.xcodeproj */;
			proxyType = 1;
			remoteGlobalIDString = 6E38BEDA194A6F0800FD5513;
			remoteInfo = NetworkObjects;
		};
		6EB48406194D2CD00086D744 /* PBXContainerItemProxy */ = {
			isa = PBXContainerItemProxy;
			containerPortal = 6EB48401194D2CD00086D744 /* NetworkObjects.xcodeproj */;
			proxyType = 2;
			remoteGlobalIDString = 6E38BEDB194A6F0800FD5513;
			remoteInfo = NetworkObjects;
		};
		6EB48408194D2CD00086D744 /* PBXContainerItemProxy */ = {
			isa = PBXContainerItemProxy;
			containerPortal = 6EB48401194D2CD00086D744 /* NetworkObjects.xcodeproj */;
			proxyType = 2;
			remoteGlobalIDString = 6E38BEE6194A6F0800FD5513;
			remoteInfo = NetworkObjectsTests;
		};
		6EBC63E3192FEF3E00FCF7C3 /* PBXContainerItemProxy */ = {
			isa = PBXContainerItemProxy;
			containerPortal = 6EBC63BF192FEF3E00FCF7C3 /* Project object */;
			proxyType = 1;
			remoteGlobalIDString = 6EBC63C7192FEF3E00FCF7C3;
			remoteInfo = NetworkSceneGraph;
		};
/* End PBXContainerItemProxy section */

/* Begin PBXCopyFilesBuildPhase section */
		6E06164D193438BC0087D99B /* CopyFiles */ = {
			isa = PBXCopyFilesBuildPhase;
			buildActionMask = 2147483647;
			dstPath = "";
			dstSubfolderSpec = 10;
			files = (
			);
			runOnlyForDeploymentPostprocessing = 0;
		};
/* End PBXCopyFilesBuildPhase section */

/* Begin PBXFileReference section */
		6E124F2F1934F840004D6A32 /* NSGModel.xcdatamodel */ = {isa = PBXFileReference; lastKnownFileType = wrapper.xcdatamodel; path = NSGModel.xcdatamodel; sourceTree = "<group>"; };
		6E124F3619350FFB004D6A32 /* SceneKit.framework */ = {isa = PBXFileReference; lastKnownFileType = wrapper.framework; name = SceneKit.framework; path = System/Library/Frameworks/SceneKit.framework; sourceTree = SDKROOT; };
		6E4EBBD51936D1E600FC2546 /* NSString+SCNVector3.h */ = {isa = PBXFileReference; fileEncoding = 4; lastKnownFileType = sourcecode.c.h; path = "NSString+SCNVector3.h"; sourceTree = "<group>"; };
		6E4EBBD61936D1E600FC2546 /* NSString+SCNVector3.m */ = {isa = PBXFileReference; fileEncoding = 4; lastKnownFileType = sourcecode.c.objc; path = "NSString+SCNVector3.m"; sourceTree = "<group>"; };
		6E4EBBD91936D30500FC2546 /* NSString+SCNVector4.h */ = {isa = PBXFileReference; fileEncoding = 4; lastKnownFileType = sourcecode.c.h; path = "NSString+SCNVector4.h"; sourceTree = "<group>"; };
		6E4EBBDA1936D30500FC2546 /* NSString+SCNVector4.m */ = {isa = PBXFileReference; fileEncoding = 4; lastKnownFileType = sourcecode.c.objc; path = "NSString+SCNVector4.m"; sourceTree = "<group>"; };
		6E4EBBDD1936E87200FC2546 /* NSString+CGColorRef.h */ = {isa = PBXFileReference; fileEncoding = 4; lastKnownFileType = sourcecode.c.h; path = "NSString+CGColorRef.h"; sourceTree = "<group>"; };
		6E4EBBDE1936E87200FC2546 /* NSString+CGColorRef.m */ = {isa = PBXFileReference; fileEncoding = 4; lastKnownFileType = sourcecode.c.objc; path = "NSString+CGColorRef.m"; sourceTree = "<group>"; };
		6EB48401194D2CD00086D744 /* NetworkObjects.xcodeproj */ = {isa = PBXFileReference; lastKnownFileType = "wrapper.pb-project"; name = NetworkObjects.xcodeproj; path = Dependencies/NetworkObjects/NetworkObjects/NetworkObjects.xcodeproj; sourceTree = "<group>"; };
		6EBC63C8192FEF3E00FCF7C3 /* NetworkSceneGraph.framework */ = {isa = PBXFileReference; explicitFileType = wrapper.framework; includeInIndex = 0; path = NetworkSceneGraph.framework; sourceTree = BUILT_PRODUCTS_DIR; };
		6EBC63CB192FEF3E00FCF7C3 /* Cocoa.framework */ = {isa = PBXFileReference; lastKnownFileType = wrapper.framework; name = Cocoa.framework; path = System/Library/Frameworks/Cocoa.framework; sourceTree = SDKROOT; };
		6EBC63CE192FEF3E00FCF7C3 /* Foundation.framework */ = {isa = PBXFileReference; lastKnownFileType = wrapper.framework; name = Foundation.framework; path = System/Library/Frameworks/Foundation.framework; sourceTree = SDKROOT; };
		6EBC63CF192FEF3E00FCF7C3 /* CoreData.framework */ = {isa = PBXFileReference; lastKnownFileType = wrapper.framework; name = CoreData.framework; path = System/Library/Frameworks/CoreData.framework; sourceTree = SDKROOT; };
		6EBC63D0192FEF3E00FCF7C3 /* AppKit.framework */ = {isa = PBXFileReference; lastKnownFileType = wrapper.framework; name = AppKit.framework; path = System/Library/Frameworks/AppKit.framework; sourceTree = SDKROOT; };
		6EBC63D3192FEF3E00FCF7C3 /* NetworkSceneGraph-Info.plist */ = {isa = PBXFileReference; lastKnownFileType = text.plist.xml; path = "NetworkSceneGraph-Info.plist"; sourceTree = "<group>"; };
		6EBC63D5192FEF3E00FCF7C3 /* en */ = {isa = PBXFileReference; lastKnownFileType = text.plist.strings; name = en; path = en.lproj/InfoPlist.strings; sourceTree = "<group>"; };
		6EBC63D7192FEF3E00FCF7C3 /* NetworkSceneGraph-Prefix.pch */ = {isa = PBXFileReference; lastKnownFileType = sourcecode.c.h; path = "NetworkSceneGraph-Prefix.pch"; sourceTree = "<group>"; };
		6EBC63D8192FEF3E00FCF7C3 /* NetworkSceneGraph.h */ = {isa = PBXFileReference; lastKnownFileType = sourcecode.c.h; path = NetworkSceneGraph.h; sourceTree = "<group>"; };
		6EBC63DF192FEF3E00FCF7C3 /* NetworkSceneGraphTests.xctest */ = {isa = PBXFileReference; explicitFileType = wrapper.cfbundle; includeInIndex = 0; path = NetworkSceneGraphTests.xctest; sourceTree = BUILT_PRODUCTS_DIR; };
		6EBC63E0192FEF3E00FCF7C3 /* XCTest.framework */ = {isa = PBXFileReference; lastKnownFileType = wrapper.framework; name = XCTest.framework; path = Library/Frameworks/XCTest.framework; sourceTree = DEVELOPER_DIR; };
		6EBC63E8192FEF3E00FCF7C3 /* NetworkSceneGraphTests-Info.plist */ = {isa = PBXFileReference; lastKnownFileType = text.plist.xml; path = "NetworkSceneGraphTests-Info.plist"; sourceTree = "<group>"; };
		6EBC63EA192FEF3E00FCF7C3 /* en */ = {isa = PBXFileReference; lastKnownFileType = text.plist.strings; name = en; path = en.lproj/InfoPlist.strings; sourceTree = "<group>"; };
		6EBC63EC192FEF3E00FCF7C3 /* NetworkSceneGraphTests.m */ = {isa = PBXFileReference; lastKnownFileType = sourcecode.c.objc; path = NetworkSceneGraphTests.m; sourceTree = "<group>"; };
		6ED5C6371938CE4000CE0EE0 /* NSManagedObjectModel+NetworkSceneGraph.h */ = {isa = PBXFileReference; fileEncoding = 4; lastKnownFileType = sourcecode.c.h; path = "NSManagedObjectModel+NetworkSceneGraph.h"; sourceTree = "<group>"; };
		6ED5C6381938CE4000CE0EE0 /* NSManagedObjectModel+NetworkSceneGraph.m */ = {isa = PBXFileReference; fileEncoding = 4; lastKnownFileType = sourcecode.c.objc; path = "NSManagedObjectModel+NetworkSceneGraph.m"; sourceTree = "<group>"; };
/* End PBXFileReference section */

/* Begin PBXFrameworksBuildPhase section */
		6EBC63C4192FEF3E00FCF7C3 /* Frameworks */ = {
			isa = PBXFrameworksBuildPhase;
			buildActionMask = 2147483647;
			files = (
				6E5CFB5E194D3751000DD664 /* NetworkObjects.framework in Frameworks */,
				6E124F3719350FFB004D6A32 /* SceneKit.framework in Frameworks */,
				6EBC63CC192FEF3E00FCF7C3 /* Cocoa.framework in Frameworks */,
			);
			runOnlyForDeploymentPostprocessing = 0;
		};
		6EBC63DC192FEF3E00FCF7C3 /* Frameworks */ = {
			isa = PBXFrameworksBuildPhase;
			buildActionMask = 2147483647;
			files = (
				6EBC63E2192FEF3E00FCF7C3 /* Cocoa.framework in Frameworks */,
				6EBC63E1192FEF3E00FCF7C3 /* XCTest.framework in Frameworks */,
				6EBC63E5192FEF3E00FCF7C3 /* NetworkSceneGraph.framework in Frameworks */,
			);
			runOnlyForDeploymentPostprocessing = 0;
		};
/* End PBXFrameworksBuildPhase section */

/* Begin PBXGroup section */
		6E4EBBBC1936B82A00FC2546 /* Stores */ = {
			isa = PBXGroup;
			children = (
			);
			name = Stores;
			sourceTree = "<group>";
		};
		6E4EBBD41936D1B400FC2546 /* Categories */ = {
			isa = PBXGroup;
			children = (
				6E4EBBD51936D1E600FC2546 /* NSString+SCNVector3.h */,
				6E4EBBD61936D1E600FC2546 /* NSString+SCNVector3.m */,
				6E4EBBD91936D30500FC2546 /* NSString+SCNVector4.h */,
				6E4EBBDA1936D30500FC2546 /* NSString+SCNVector4.m */,
				6E4EBBDD1936E87200FC2546 /* NSString+CGColorRef.h */,
				6E4EBBDE1936E87200FC2546 /* NSString+CGColorRef.m */,
				6ED5C6371938CE4000CE0EE0 /* NSManagedObjectModel+NetworkSceneGraph.h */,
				6ED5C6381938CE4000CE0EE0 /* NSManagedObjectModel+NetworkSceneGraph.m */,
			);
			name = Categories;
			sourceTree = "<group>";
		};
		6EB02C731935299000A732C7 /* Controllers */ = {
			isa = PBXGroup;
			children = (
			);
			name = Controllers;
			sourceTree = "<group>";
		};
		6EB02C7419352EEB00A732C7 /* Model */ = {
			isa = PBXGroup;
			children = (
				6E4EBBD41936D1B400FC2546 /* Categories */,
			);
			name = Model;
			sourceTree = "<group>";
		};
		6EB48402194D2CD00086D744 /* Products */ = {
			isa = PBXGroup;
			children = (
				6EB48407194D2CD00086D744 /* NetworkObjects.framework */,
				6EB48409194D2CD00086D744 /* NetworkObjectsTests.xctest */,
			);
			name = Products;
			sourceTree = "<group>";
		};
		6EBC63BE192FEF3E00FCF7C3 = {
			isa = PBXGroup;
			children = (
				6EBC63D1192FEF3E00FCF7C3 /* NetworkSceneGraph */,
				6EBC63E6192FEF3E00FCF7C3 /* NetworkSceneGraphTests */,
				6EBC63CA192FEF3E00FCF7C3 /* Frameworks */,
				6EBC63C9192FEF3E00FCF7C3 /* Products */,
			);
			sourceTree = "<group>";
		};
		6EBC63C9192FEF3E00FCF7C3 /* Products */ = {
			isa = PBXGroup;
			children = (
				6EBC63C8192FEF3E00FCF7C3 /* NetworkSceneGraph.framework */,
				6EBC63DF192FEF3E00FCF7C3 /* NetworkSceneGraphTests.xctest */,
			);
			name = Products;
			sourceTree = "<group>";
		};
		6EBC63CA192FEF3E00FCF7C3 /* Frameworks */ = {
			isa = PBXGroup;
			children = (
				6EB48401194D2CD00086D744 /* NetworkObjects.xcodeproj */,
				6E124F3619350FFB004D6A32 /* SceneKit.framework */,
				6EBC63CB192FEF3E00FCF7C3 /* Cocoa.framework */,
				6EBC63E0192FEF3E00FCF7C3 /* XCTest.framework */,
				6EBC63CD192FEF3E00FCF7C3 /* Other Frameworks */,
			);
			name = Frameworks;
			sourceTree = "<group>";
		};
		6EBC63CD192FEF3E00FCF7C3 /* Other Frameworks */ = {
			isa = PBXGroup;
			children = (
				6EBC63CE192FEF3E00FCF7C3 /* Foundation.framework */,
				6EBC63CF192FEF3E00FCF7C3 /* CoreData.framework */,
				6EBC63D0192FEF3E00FCF7C3 /* AppKit.framework */,
			);
			name = "Other Frameworks";
			sourceTree = "<group>";
		};
		6EBC63D1192FEF3E00FCF7C3 /* NetworkSceneGraph */ = {
			isa = PBXGroup;
			children = (
				6EBC63D8192FEF3E00FCF7C3 /* NetworkSceneGraph.h */,
				6E124F2E1934F840004D6A32 /* NSGModel.xcdatamodeld */,
				6E4EBBBC1936B82A00FC2546 /* Stores */,
				6EB02C731935299000A732C7 /* Controllers */,
				6EB02C7419352EEB00A732C7 /* Model */,
				6EBC63D2192FEF3E00FCF7C3 /* Supporting Files */,
			);
			path = NetworkSceneGraph;
			sourceTree = "<group>";
		};
		6EBC63D2192FEF3E00FCF7C3 /* Supporting Files */ = {
			isa = PBXGroup;
			children = (
				6EBC63D3192FEF3E00FCF7C3 /* NetworkSceneGraph-Info.plist */,
				6EBC63D4192FEF3E00FCF7C3 /* InfoPlist.strings */,
				6EBC63D7192FEF3E00FCF7C3 /* NetworkSceneGraph-Prefix.pch */,
			);
			name = "Supporting Files";
			sourceTree = "<group>";
		};
		6EBC63E6192FEF3E00FCF7C3 /* NetworkSceneGraphTests */ = {
			isa = PBXGroup;
			children = (
				6EBC63EC192FEF3E00FCF7C3 /* NetworkSceneGraphTests.m */,
				6EBC63E7192FEF3E00FCF7C3 /* Supporting Files */,
			);
			path = NetworkSceneGraphTests;
			sourceTree = "<group>";
		};
		6EBC63E7192FEF3E00FCF7C3 /* Supporting Files */ = {
			isa = PBXGroup;
			children = (
				6EBC63E8192FEF3E00FCF7C3 /* NetworkSceneGraphTests-Info.plist */,
				6EBC63E9192FEF3E00FCF7C3 /* InfoPlist.strings */,
			);
			name = "Supporting Files";
			sourceTree = "<group>";
		};
/* End PBXGroup section */

/* Begin PBXHeadersBuildPhase section */
		6EBC63C5192FEF3E00FCF7C3 /* Headers */ = {
			isa = PBXHeadersBuildPhase;
			buildActionMask = 2147483647;
			files = (
				6E4EBBDB1936D30500FC2546 /* NSString+SCNVector4.h in Headers */,
				6E4EBBD71936D1E600FC2546 /* NSString+SCNVector3.h in Headers */,
				6E4EBBDF1936E87200FC2546 /* NSString+CGColorRef.h in Headers */,
				6EB390371939114600078904 /* NetworkSceneGraph.h in Headers */,
				6ED5C6391938CE4000CE0EE0 /* NSManagedObjectModel+NetworkSceneGraph.h in Headers */,
			);
			runOnlyForDeploymentPostprocessing = 0;
		};
/* End PBXHeadersBuildPhase section */

/* Begin PBXNativeTarget section */
		6EBC63C7192FEF3E00FCF7C3 /* NetworkSceneGraph */ = {
			isa = PBXNativeTarget;
			buildConfigurationList = 6EBC63F0192FEF3E00FCF7C3 /* Build configuration list for PBXNativeTarget "NetworkSceneGraph" */;
			buildPhases = (
				6EBC63C3192FEF3E00FCF7C3 /* Sources */,
				6EBC63C4192FEF3E00FCF7C3 /* Frameworks */,
				6EBC63C5192FEF3E00FCF7C3 /* Headers */,
				6EBC63C6192FEF3E00FCF7C3 /* Resources */,
				6E06164D193438BC0087D99B /* CopyFiles */,
			);
			buildRules = (
			);
			dependencies = (
				6E5CFB60194D3758000DD664 /* PBXTargetDependency */,
			);
			name = NetworkSceneGraph;
			productName = NetworkSceneGraph;
			productReference = 6EBC63C8192FEF3E00FCF7C3 /* NetworkSceneGraph.framework */;
			productType = "com.apple.product-type.framework";
		};
		6EBC63DE192FEF3E00FCF7C3 /* NetworkSceneGraphTests */ = {
			isa = PBXNativeTarget;
			buildConfigurationList = 6EBC63F3192FEF3E00FCF7C3 /* Build configuration list for PBXNativeTarget "NetworkSceneGraphTests" */;
			buildPhases = (
				6EBC63DB192FEF3E00FCF7C3 /* Sources */,
				6EBC63DC192FEF3E00FCF7C3 /* Frameworks */,
				6EBC63DD192FEF3E00FCF7C3 /* Resources */,
			);
			buildRules = (
			);
			dependencies = (
				6EBC63E4192FEF3E00FCF7C3 /* PBXTargetDependency */,
			);
			name = NetworkSceneGraphTests;
			productName = NetworkSceneGraphTests;
			productReference = 6EBC63DF192FEF3E00FCF7C3 /* NetworkSceneGraphTests.xctest */;
			productType = "com.apple.product-type.bundle.unit-test";
		};
/* End PBXNativeTarget section */

/* Begin PBXProject section */
		6EBC63BF192FEF3E00FCF7C3 /* Project object */ = {
			isa = PBXProject;
			attributes = {
				CLASSPREFIX = NSG;
				LastUpgradeCheck = 0510;
				ORGANIZATIONNAME = ColemanCDA;
				TargetAttributes = {
					6EBC63C7192FEF3E00FCF7C3 = {
						DevelopmentTeam = 4W79SG34MW;
					};
					6EBC63DE192FEF3E00FCF7C3 = {
						TestTargetID = 6EBC63C7192FEF3E00FCF7C3;
					};
				};
			};
			buildConfigurationList = 6EBC63C2192FEF3E00FCF7C3 /* Build configuration list for PBXProject "NetworkSceneGraph" */;
			compatibilityVersion = "Xcode 3.2";
			developmentRegion = English;
			hasScannedForEncodings = 0;
			knownRegions = (
				en,
			);
			mainGroup = 6EBC63BE192FEF3E00FCF7C3;
			productRefGroup = 6EBC63C9192FEF3E00FCF7C3 /* Products */;
			projectDirPath = "";
			projectReferences = (
				{
					ProductGroup = 6EB48402194D2CD00086D744 /* Products */;
					ProjectRef = 6EB48401194D2CD00086D744 /* NetworkObjects.xcodeproj */;
				},
			);
			projectRoot = "";
			targets = (
				6EBC63C7192FEF3E00FCF7C3 /* NetworkSceneGraph */,
				6EBC63DE192FEF3E00FCF7C3 /* NetworkSceneGraphTests */,
			);
		};
/* End PBXProject section */

/* Begin PBXReferenceProxy section */
		6EB48407194D2CD00086D744 /* NetworkObjects.framework */ = {
			isa = PBXReferenceProxy;
			fileType = wrapper.framework;
			path = NetworkObjects.framework;
			remoteRef = 6EB48406194D2CD00086D744 /* PBXContainerItemProxy */;
			sourceTree = BUILT_PRODUCTS_DIR;
		};
		6EB48409194D2CD00086D744 /* NetworkObjectsTests.xctest */ = {
			isa = PBXReferenceProxy;
			fileType = wrapper.cfbundle;
			path = NetworkObjectsTests.xctest;
			remoteRef = 6EB48408194D2CD00086D744 /* PBXContainerItemProxy */;
			sourceTree = BUILT_PRODUCTS_DIR;
		};
/* End PBXReferenceProxy section */

/* Begin PBXResourcesBuildPhase section */
		6EBC63C6192FEF3E00FCF7C3 /* Resources */ = {
			isa = PBXResourcesBuildPhase;
			buildActionMask = 2147483647;
			files = (
				6EBC63D6192FEF3E00FCF7C3 /* InfoPlist.strings in Resources */,
			);
			runOnlyForDeploymentPostprocessing = 0;
		};
		6EBC63DD192FEF3E00FCF7C3 /* Resources */ = {
			isa = PBXResourcesBuildPhase;
			buildActionMask = 2147483647;
			files = (
				6EBC63EB192FEF3E00FCF7C3 /* InfoPlist.strings in Resources */,
			);
			runOnlyForDeploymentPostprocessing = 0;
		};
/* End PBXResourcesBuildPhase section */

/* Begin PBXSourcesBuildPhase section */
		6EBC63C3192FEF3E00FCF7C3 /* Sources */ = {
			isa = PBXSourcesBuildPhase;
			buildActionMask = 2147483647;
			files = (
				6E124F301934F840004D6A32 /* NSGModel.xcdatamodeld in Sources */,
				6ED5C63A1938CE4000CE0EE0 /* NSManagedObjectModel+NetworkSceneGraph.m in Sources */,
				6E4EBBE01936E87200FC2546 /* NSString+CGColorRef.m in Sources */,
				6E4EBBDC1936D30500FC2546 /* NSString+SCNVector4.m in Sources */,
				6E4EBBD81936D1E600FC2546 /* NSString+SCNVector3.m in Sources */,
			);
			runOnlyForDeploymentPostprocessing = 0;
		};
		6EBC63DB192FEF3E00FCF7C3 /* Sources */ = {
			isa = PBXSourcesBuildPhase;
			buildActionMask = 2147483647;
			files = (
				6E124F311934F840004D6A32 /* NSGModel.xcdatamodeld in Sources */,
				6EBC63ED192FEF3E00FCF7C3 /* NetworkSceneGraphTests.m in Sources */,
			);
			runOnlyForDeploymentPostprocessing = 0;
		};
/* End PBXSourcesBuildPhase section */

/* Begin PBXTargetDependency section */
		6E5CFB60194D3758000DD664 /* PBXTargetDependency */ = {
			isa = PBXTargetDependency;
			name = NetworkObjects;
			targetProxy = 6E5CFB5F194D3758000DD664 /* PBXContainerItemProxy */;
		};
		6EBC63E4192FEF3E00FCF7C3 /* PBXTargetDependency */ = {
			isa = PBXTargetDependency;
			target = 6EBC63C7192FEF3E00FCF7C3 /* NetworkSceneGraph */;
			targetProxy = 6EBC63E3192FEF3E00FCF7C3 /* PBXContainerItemProxy */;
		};
/* End PBXTargetDependency section */

/* Begin PBXVariantGroup section */
		6EBC63D4192FEF3E00FCF7C3 /* InfoPlist.strings */ = {
			isa = PBXVariantGroup;
			children = (
				6EBC63D5192FEF3E00FCF7C3 /* en */,
			);
			name = InfoPlist.strings;
			sourceTree = "<group>";
		};
		6EBC63E9192FEF3E00FCF7C3 /* InfoPlist.strings */ = {
			isa = PBXVariantGroup;
			children = (
				6EBC63EA192FEF3E00FCF7C3 /* en */,
			);
			name = InfoPlist.strings;
			sourceTree = "<group>";
		};
/* End PBXVariantGroup section */

/* Begin XCBuildConfiguration section */
		6EBC63EE192FEF3E00FCF7C3 /* Debug */ = {
			isa = XCBuildConfiguration;
			buildSettings = {
				ALWAYS_SEARCH_USER_PATHS = NO;
				CLANG_CXX_LANGUAGE_STANDARD = "gnu++0x";
				CLANG_CXX_LIBRARY = "libc++";
				CLANG_ENABLE_MODULES = YES;
				CLANG_ENABLE_OBJC_ARC = YES;
				CLANG_WARN_BOOL_CONVERSION = YES;
				CLANG_WARN_CONSTANT_CONVERSION = YES;
				CLANG_WARN_DIRECT_OBJC_ISA_USAGE = YES_ERROR;
				CLANG_WARN_EMPTY_BODY = YES;
				CLANG_WARN_ENUM_CONVERSION = YES;
				CLANG_WARN_INT_CONVERSION = YES;
				CLANG_WARN_OBJC_ROOT_CLASS = YES_ERROR;
				CLANG_WARN__DUPLICATE_METHOD_MATCH = YES;
				COPY_PHASE_STRIP = NO;
				GCC_C_LANGUAGE_STANDARD = gnu99;
				GCC_DYNAMIC_NO_PIC = NO;
				GCC_ENABLE_OBJC_EXCEPTIONS = YES;
				GCC_OPTIMIZATION_LEVEL = 0;
				GCC_PREPROCESSOR_DEFINITIONS = (
					"DEBUG=1",
					"$(inherited)",
				);
				GCC_SYMBOLS_PRIVATE_EXTERN = NO;
				GCC_WARN_64_TO_32_BIT_CONVERSION = YES;
				GCC_WARN_ABOUT_RETURN_TYPE = YES_ERROR;
				GCC_WARN_UNDECLARED_SELECTOR = YES;
				GCC_WARN_UNINITIALIZED_AUTOS = YES_AGGRESSIVE;
				GCC_WARN_UNUSED_FUNCTION = YES;
				GCC_WARN_UNUSED_VARIABLE = YES;
				MACOSX_DEPLOYMENT_TARGET = 10.9;
				ONLY_ACTIVE_ARCH = YES;
				SDKROOT = macosx;
			};
			name = Debug;
		};
		6EBC63EF192FEF3E00FCF7C3 /* Release */ = {
			isa = XCBuildConfiguration;
			buildSettings = {
				ALWAYS_SEARCH_USER_PATHS = NO;
				CLANG_CXX_LANGUAGE_STANDARD = "gnu++0x";
				CLANG_CXX_LIBRARY = "libc++";
				CLANG_ENABLE_MODULES = YES;
				CLANG_ENABLE_OBJC_ARC = YES;
				CLANG_WARN_BOOL_CONVERSION = YES;
				CLANG_WARN_CONSTANT_CONVERSION = YES;
				CLANG_WARN_DIRECT_OBJC_ISA_USAGE = YES_ERROR;
				CLANG_WARN_EMPTY_BODY = YES;
				CLANG_WARN_ENUM_CONVERSION = YES;
				CLANG_WARN_INT_CONVERSION = YES;
				CLANG_WARN_OBJC_ROOT_CLASS = YES_ERROR;
				CLANG_WARN__DUPLICATE_METHOD_MATCH = YES;
				COPY_PHASE_STRIP = YES;
				DEBUG_INFORMATION_FORMAT = "dwarf-with-dsym";
				ENABLE_NS_ASSERTIONS = NO;
				GCC_C_LANGUAGE_STANDARD = gnu99;
				GCC_ENABLE_OBJC_EXCEPTIONS = YES;
				GCC_WARN_64_TO_32_BIT_CONVERSION = YES;
				GCC_WARN_ABOUT_RETURN_TYPE = YES_ERROR;
				GCC_WARN_UNDECLARED_SELECTOR = YES;
				GCC_WARN_UNINITIALIZED_AUTOS = YES_AGGRESSIVE;
				GCC_WARN_UNUSED_FUNCTION = YES;
				GCC_WARN_UNUSED_VARIABLE = YES;
				MACOSX_DEPLOYMENT_TARGET = 10.9;
				SDKROOT = macosx;
			};
			name = Release;
		};
		6EBC63F1192FEF3E00FCF7C3 /* Debug */ = {
			isa = XCBuildConfiguration;
			buildSettings = {
				CODE_SIGN_IDENTITY = "Mac Developer";
				COMBINE_HIDPI_IMAGES = YES;
				DYLIB_COMPATIBILITY_VERSION = 1;
				DYLIB_CURRENT_VERSION = 1;
				FRAMEWORK_VERSION = A;
				GCC_PRECOMPILE_PREFIX_HEADER = YES;
				GCC_PREFIX_HEADER = "NetworkSceneGraph/NetworkSceneGraph-Prefix.pch";
				INFOPLIST_FILE = "NetworkSceneGraph/NetworkSceneGraph-Info.plist";
				MACOSX_DEPLOYMENT_TARGET = 10.10;
				PRODUCT_NAME = "$(TARGET_NAME)";
				WRAPPER_EXTENSION = framework;
			};
			name = Debug;
		};
		6EBC63F2192FEF3E00FCF7C3 /* Release */ = {
			isa = XCBuildConfiguration;
			buildSettings = {
				CODE_SIGN_IDENTITY = "Mac Developer";
				COMBINE_HIDPI_IMAGES = YES;
				DYLIB_COMPATIBILITY_VERSION = 1;
				DYLIB_CURRENT_VERSION = 1;
				FRAMEWORK_VERSION = A;
				GCC_PRECOMPILE_PREFIX_HEADER = YES;
				GCC_PREFIX_HEADER = "NetworkSceneGraph/NetworkSceneGraph-Prefix.pch";
				INFOPLIST_FILE = "NetworkSceneGraph/NetworkSceneGraph-Info.plist";
				MACOSX_DEPLOYMENT_TARGET = 10.10;
				PRODUCT_NAME = "$(TARGET_NAME)";
				WRAPPER_EXTENSION = framework;
			};
			name = Release;
		};
		6EBC63F4192FEF3E00FCF7C3 /* Debug */ = {
			isa = XCBuildConfiguration;
			buildSettings = {
				BUNDLE_LOADER = "$(BUILT_PRODUCTS_DIR)/NetworkSceneGraph.framework/Versions/A/NetworkSceneGraph";
				COMBINE_HIDPI_IMAGES = YES;
				FRAMEWORK_SEARCH_PATHS = (
					"$(DEVELOPER_FRAMEWORKS_DIR)",
					"$(inherited)",
				);
				GCC_PRECOMPILE_PREFIX_HEADER = YES;
				GCC_PREFIX_HEADER = "NetworkSceneGraph/NetworkSceneGraph-Prefix.pch";
				GCC_PREPROCESSOR_DEFINITIONS = (
					"DEBUG=1",
					"$(inherited)",
				);
				INFOPLIST_FILE = "NetworkSceneGraphTests/NetworkSceneGraphTests-Info.plist";
				PRODUCT_NAME = "$(TARGET_NAME)";
				TEST_HOST = "$(BUNDLE_LOADER)";
				WRAPPER_EXTENSION = xctest;
			};
			name = Debug;
		};
		6EBC63F5192FEF3E00FCF7C3 /* Release */ = {
			isa = XCBuildConfiguration;
			buildSettings = {
				BUNDLE_LOADER = "$(BUILT_PRODUCTS_DIR)/NetworkSceneGraph.framework/Versions/A/NetworkSceneGraph";
				COMBINE_HIDPI_IMAGES = YES;
				FRAMEWORK_SEARCH_PATHS = (
					"$(DEVELOPER_FRAMEWORKS_DIR)",
					"$(inherited)",
				);
				GCC_PRECOMPILE_PREFIX_HEADER = YES;
				GCC_PREFIX_HEADER = "NetworkSceneGraph/NetworkSceneGraph-Prefix.pch";
				INFOPLIST_FILE = "NetworkSceneGraphTests/NetworkSceneGraphTests-Info.plist";
				PRODUCT_NAME = "$(TARGET_NAME)";
				TEST_HOST = "$(BUNDLE_LOADER)";
				WRAPPER_EXTENSION = xctest;
			};
			name = Release;
		};
/* End XCBuildConfiguration section */

/* Begin XCConfigurationList section */
		6EBC63C2192FEF3E00FCF7C3 /* Build configuration list for PBXProject "NetworkSceneGraph" */ = {
			isa = XCConfigurationList;
			buildConfigurations = (
				6EBC63EE192FEF3E00FCF7C3 /* Debug */,
				6EBC63EF192FEF3E00FCF7C3 /* Release */,
			);
			defaultConfigurationIsVisible = 0;
			defaultConfigurationName = Release;
		};
		6EBC63F0192FEF3E00FCF7C3 /* Build configuration list for PBXNativeTarget "NetworkSceneGraph" */ = {
			isa = XCConfigurationList;
			buildConfigurations = (
				6EBC63F1192FEF3E00FCF7C3 /* Debug */,
				6EBC63F2192FEF3E00FCF7C3 /* Release */,
			);
			defaultConfigurationIsVisible = 0;
			defaultConfigurationName = Release;
		};
		6EBC63F3192FEF3E00FCF7C3 /* Build configuration list for PBXNativeTarget "NetworkSceneGraphTests" */ = {
			isa = XCConfigurationList;
			buildConfigurations = (
				6EBC63F4192FEF3E00FCF7C3 /* Debug */,
				6EBC63F5192FEF3E00FCF7C3 /* Release */,
			);
			defaultConfigurationIsVisible = 0;
			defaultConfigurationName = Release;
		};
/* End XCConfigurationList section */

/* Begin XCVersionGroup section */
		6E124F2E1934F840004D6A32 /* NSGModel.xcdatamodeld */ = {
			isa = XCVersionGroup;
			children = (
				6E124F2F1934F840004D6A32 /* NSGModel.xcdatamodel */,
			);
			currentVersion = 6E124F2F1934F840004D6A32 /* NSGModel.xcdatamodel */;
			path = NSGModel.xcdatamodeld;
			sourceTree = "<group>";
			versionGroupType = wrapper.xcdatamodel;
		};
/* End XCVersionGroup section */
	};
	rootObject = 6EBC63BF192FEF3E00FCF7C3 /* Project object */;
}
