// !$*UTF8*$!
{
	archiveVersion = 1;
	classes = {
	};
	objectVersion = 46;
	objects = {

/* Begin PBXBuildFile section */
		6E4EBB3A19365D3000FC2546 /* Cocoa.framework in Frameworks */ = {isa = PBXBuildFile; fileRef = 6E4EBB3919365D3000FC2546 /* Cocoa.framework */; };
		6E4EBB4419365D3000FC2546 /* InfoPlist.strings in Resources */ = {isa = PBXBuildFile; fileRef = 6E4EBB4219365D3000FC2546 /* InfoPlist.strings */; };
		6E4EBB4619365D3000FC2546 /* main.m in Sources */ = {isa = PBXBuildFile; fileRef = 6E4EBB4519365D3000FC2546 /* main.m */; };
		6E4EBB4A19365D3000FC2546 /* Credits.rtf in Resources */ = {isa = PBXBuildFile; fileRef = 6E4EBB4819365D3000FC2546 /* Credits.rtf */; };
		6E4EBB4D19365D3000FC2546 /* SGSAppDelegate.m in Sources */ = {isa = PBXBuildFile; fileRef = 6E4EBB4C19365D3000FC2546 /* SGSAppDelegate.m */; };
		6E4EBB5019365D3000FC2546 /* MainMenu.xib in Resources */ = {isa = PBXBuildFile; fileRef = 6E4EBB4E19365D3000FC2546 /* MainMenu.xib */; };
		6E4EBB5219365D3000FC2546 /* Images.xcassets in Resources */ = {isa = PBXBuildFile; fileRef = 6E4EBB5119365D3000FC2546 /* Images.xcassets */; };
		6E4EBB5919365D3000FC2546 /* XCTest.framework in Frameworks */ = {isa = PBXBuildFile; fileRef = 6E4EBB5819365D3000FC2546 /* XCTest.framework */; };
		6E4EBB5A19365D3000FC2546 /* Cocoa.framework in Frameworks */ = {isa = PBXBuildFile; fileRef = 6E4EBB3919365D3000FC2546 /* Cocoa.framework */; };
		6E4EBB6219365D3000FC2546 /* InfoPlist.strings in Resources */ = {isa = PBXBuildFile; fileRef = 6E4EBB6019365D3000FC2546 /* InfoPlist.strings */; };
		6E4EBB6419365D3000FC2546 /* SceneGraphServerTests.m in Sources */ = {isa = PBXBuildFile; fileRef = 6E4EBB6319365D3000FC2546 /* SceneGraphServerTests.m */; };
		6E4EBBAC193667EE00FC2546 /* SGSAppController.m in Sources */ = {isa = PBXBuildFile; fileRef = 6E4EBBAB193667EE00FC2546 /* SGSAppController.m */; };
/* End PBXBuildFile section */

/* Begin PBXContainerItemProxy section */
		6E4EBB5B19365D3000FC2546 /* PBXContainerItemProxy */ = {
			isa = PBXContainerItemProxy;
			containerPortal = 6E4EBB2E19365D3000FC2546 /* Project object */;
			proxyType = 1;
			remoteGlobalIDString = 6E4EBB3519365D3000FC2546;
			remoteInfo = SceneGraphServer;
		};
/* End PBXContainerItemProxy section */

/* Begin PBXFileReference section */
		6E4EBB3619365D3000FC2546 /* SceneGraphServer.app */ = {isa = PBXFileReference; explicitFileType = wrapper.application; includeInIndex = 0; path = SceneGraphServer.app; sourceTree = BUILT_PRODUCTS_DIR; };
		6E4EBB3919365D3000FC2546 /* Cocoa.framework */ = {isa = PBXFileReference; lastKnownFileType = wrapper.framework; name = Cocoa.framework; path = System/Library/Frameworks/Cocoa.framework; sourceTree = SDKROOT; };
		6E4EBB3C19365D3000FC2546 /* AppKit.framework */ = {isa = PBXFileReference; lastKnownFileType = wrapper.framework; name = AppKit.framework; path = System/Library/Frameworks/AppKit.framework; sourceTree = SDKROOT; };
		6E4EBB3D19365D3000FC2546 /* CoreData.framework */ = {isa = PBXFileReference; lastKnownFileType = wrapper.framework; name = CoreData.framework; path = System/Library/Frameworks/CoreData.framework; sourceTree = SDKROOT; };
		6E4EBB3E19365D3000FC2546 /* Foundation.framework */ = {isa = PBXFileReference; lastKnownFileType = wrapper.framework; name = Foundation.framework; path = System/Library/Frameworks/Foundation.framework; sourceTree = SDKROOT; };
		6E4EBB4119365D3000FC2546 /* SceneGraphServer-Info.plist */ = {isa = PBXFileReference; lastKnownFileType = text.plist.xml; path = "SceneGraphServer-Info.plist"; sourceTree = "<group>"; };
		6E4EBB4319365D3000FC2546 /* en */ = {isa = PBXFileReference; lastKnownFileType = text.plist.strings; name = en; path = en.lproj/InfoPlist.strings; sourceTree = "<group>"; };
		6E4EBB4519365D3000FC2546 /* main.m */ = {isa = PBXFileReference; lastKnownFileType = sourcecode.c.objc; path = main.m; sourceTree = "<group>"; };
		6E4EBB4719365D3000FC2546 /* SceneGraphServer-Prefix.pch */ = {isa = PBXFileReference; lastKnownFileType = sourcecode.c.h; path = "SceneGraphServer-Prefix.pch"; sourceTree = "<group>"; };
		6E4EBB4919365D3000FC2546 /* en */ = {isa = PBXFileReference; lastKnownFileType = text.rtf; name = en; path = en.lproj/Credits.rtf; sourceTree = "<group>"; };
		6E4EBB4B19365D3000FC2546 /* SGSAppDelegate.h */ = {isa = PBXFileReference; lastKnownFileType = sourcecode.c.h; path = SGSAppDelegate.h; sourceTree = "<group>"; };
		6E4EBB4C19365D3000FC2546 /* SGSAppDelegate.m */ = {isa = PBXFileReference; lastKnownFileType = sourcecode.c.objc; path = SGSAppDelegate.m; sourceTree = "<group>"; };
		6E4EBB4F19365D3000FC2546 /* Base */ = {isa = PBXFileReference; lastKnownFileType = file.xib; name = Base; path = Base.lproj/MainMenu.xib; sourceTree = "<group>"; };
		6E4EBB5119365D3000FC2546 /* Images.xcassets */ = {isa = PBXFileReference; lastKnownFileType = folder.assetcatalog; path = Images.xcassets; sourceTree = "<group>"; };
		6E4EBB5719365D3000FC2546 /* SceneGraphServerTests.xctest */ = {isa = PBXFileReference; explicitFileType = wrapper.cfbundle; includeInIndex = 0; path = SceneGraphServerTests.xctest; sourceTree = BUILT_PRODUCTS_DIR; };
		6E4EBB5819365D3000FC2546 /* XCTest.framework */ = {isa = PBXFileReference; lastKnownFileType = wrapper.framework; name = XCTest.framework; path = Library/Frameworks/XCTest.framework; sourceTree = DEVELOPER_DIR; };
		6E4EBB5F19365D3000FC2546 /* SceneGraphServerTests-Info.plist */ = {isa = PBXFileReference; lastKnownFileType = text.plist.xml; path = "SceneGraphServerTests-Info.plist"; sourceTree = "<group>"; };
		6E4EBB6119365D3000FC2546 /* en */ = {isa = PBXFileReference; lastKnownFileType = text.plist.strings; name = en; path = en.lproj/InfoPlist.strings; sourceTree = "<group>"; };
		6E4EBB6319365D3000FC2546 /* SceneGraphServerTests.m */ = {isa = PBXFileReference; lastKnownFileType = sourcecode.c.objc; path = SceneGraphServerTests.m; sourceTree = "<group>"; };
		6E4EBBAA193667EE00FC2546 /* SGSAppController.h */ = {isa = PBXFileReference; fileEncoding = 4; lastKnownFileType = sourcecode.c.h; path = SGSAppController.h; sourceTree = "<group>"; };
		6E4EBBAB193667EE00FC2546 /* SGSAppController.m */ = {isa = PBXFileReference; fileEncoding = 4; lastKnownFileType = sourcecode.c.objc; path = SGSAppController.m; sourceTree = "<group>"; };
/* End PBXFileReference section */

/* Begin PBXFrameworksBuildPhase section */
		6E4EBB3319365D3000FC2546 /* Frameworks */ = {
			isa = PBXFrameworksBuildPhase;
			buildActionMask = 2147483647;
			files = (
				6E4EBB3A19365D3000FC2546 /* Cocoa.framework in Frameworks */,
			);
			runOnlyForDeploymentPostprocessing = 0;
		};
		6E4EBB5419365D3000FC2546 /* Frameworks */ = {
			isa = PBXFrameworksBuildPhase;
			buildActionMask = 2147483647;
			files = (
				6E4EBB5A19365D3000FC2546 /* Cocoa.framework in Frameworks */,
				6E4EBB5919365D3000FC2546 /* XCTest.framework in Frameworks */,
			);
			runOnlyForDeploymentPostprocessing = 0;
		};
/* End PBXFrameworksBuildPhase section */

/* Begin PBXGroup section */
		6E4EBB2D19365D3000FC2546 = {
			isa = PBXGroup;
			children = (
				6E4EBB3F19365D3000FC2546 /* SceneGraphServer */,
				6E4EBB5D19365D3000FC2546 /* SceneGraphServerTests */,
				6E4EBB3819365D3000FC2546 /* Frameworks */,
				6E4EBB3719365D3000FC2546 /* Products */,
			);
			sourceTree = "<group>";
		};
		6E4EBB3719365D3000FC2546 /* Products */ = {
			isa = PBXGroup;
			children = (
				6E4EBB3619365D3000FC2546 /* SceneGraphServer.app */,
				6E4EBB5719365D3000FC2546 /* SceneGraphServerTests.xctest */,
			);
			name = Products;
			sourceTree = "<group>";
		};
		6E4EBB3819365D3000FC2546 /* Frameworks */ = {
			isa = PBXGroup;
			children = (
				6E4EBB3919365D3000FC2546 /* Cocoa.framework */,
				6E4EBB5819365D3000FC2546 /* XCTest.framework */,
				6E4EBB3B19365D3000FC2546 /* Other Frameworks */,
			);
			name = Frameworks;
			sourceTree = "<group>";
		};
		6E4EBB3B19365D3000FC2546 /* Other Frameworks */ = {
			isa = PBXGroup;
			children = (
				6E4EBB3C19365D3000FC2546 /* AppKit.framework */,
				6E4EBB3D19365D3000FC2546 /* CoreData.framework */,
				6E4EBB3E19365D3000FC2546 /* Foundation.framework */,
			);
			name = "Other Frameworks";
			sourceTree = "<group>";
		};
		6E4EBB3F19365D3000FC2546 /* SceneGraphServer */ = {
			isa = PBXGroup;
			children = (
				6E4EBB4B19365D3000FC2546 /* SGSAppDelegate.h */,
				6E4EBB4C19365D3000FC2546 /* SGSAppDelegate.m */,
				6E4EBBAA193667EE00FC2546 /* SGSAppController.h */,
				6E4EBBAB193667EE00FC2546 /* SGSAppController.m */,
				6E4EBB4E19365D3000FC2546 /* MainMenu.xib */,
				6E4EBB5119365D3000FC2546 /* Images.xcassets */,
				6E4EBB4019365D3000FC2546 /* Supporting Files */,
			);
			path = SceneGraphServer;
			sourceTree = "<group>";
		};
		6E4EBB4019365D3000FC2546 /* Supporting Files */ = {
			isa = PBXGroup;
			children = (
				6E4EBB4119365D3000FC2546 /* SceneGraphServer-Info.plist */,
				6E4EBB4219365D3000FC2546 /* InfoPlist.strings */,
				6E4EBB4519365D3000FC2546 /* main.m */,
				6E4EBB4719365D3000FC2546 /* SceneGraphServer-Prefix.pch */,
				6E4EBB4819365D3000FC2546 /* Credits.rtf */,
			);
			name = "Supporting Files";
			sourceTree = "<group>";
		};
		6E4EBB5D19365D3000FC2546 /* SceneGraphServerTests */ = {
			isa = PBXGroup;
			children = (
				6E4EBB6319365D3000FC2546 /* SceneGraphServerTests.m */,
				6E4EBB5E19365D3000FC2546 /* Supporting Files */,
			);
			path = SceneGraphServerTests;
			sourceTree = "<group>";
		};
		6E4EBB5E19365D3000FC2546 /* Supporting Files */ = {
			isa = PBXGroup;
			children = (
				6E4EBB5F19365D3000FC2546 /* SceneGraphServerTests-Info.plist */,
				6E4EBB6019365D3000FC2546 /* InfoPlist.strings */,
			);
			name = "Supporting Files";
			sourceTree = "<group>";
		};
/* End PBXGroup section */

/* Begin PBXNativeTarget section */
		6E4EBB3519365D3000FC2546 /* SceneGraphServer */ = {
			isa = PBXNativeTarget;
			buildConfigurationList = 6E4EBB6719365D3000FC2546 /* Build configuration list for PBXNativeTarget "SceneGraphServer" */;
			buildPhases = (
				6E4EBB3219365D3000FC2546 /* Sources */,
				6E4EBB3319365D3000FC2546 /* Frameworks */,
				6E4EBB3419365D3000FC2546 /* Resources */,
			);
			buildRules = (
			);
			dependencies = (
			);
			name = SceneGraphServer;
			productName = SceneGraphServer;
			productReference = 6E4EBB3619365D3000FC2546 /* SceneGraphServer.app */;
			productType = "com.apple.product-type.application";
		};
		6E4EBB5619365D3000FC2546 /* SceneGraphServerTests */ = {
			isa = PBXNativeTarget;
			buildConfigurationList = 6E4EBB6A19365D3000FC2546 /* Build configuration list for PBXNativeTarget "SceneGraphServerTests" */;
			buildPhases = (
				6E4EBB5319365D3000FC2546 /* Sources */,
				6E4EBB5419365D3000FC2546 /* Frameworks */,
				6E4EBB5519365D3000FC2546 /* Resources */,
			);
			buildRules = (
			);
			dependencies = (
				6E4EBB5C19365D3000FC2546 /* PBXTargetDependency */,
			);
			name = SceneGraphServerTests;
			productName = SceneGraphServerTests;
			productReference = 6E4EBB5719365D3000FC2546 /* SceneGraphServerTests.xctest */;
			productType = "com.apple.product-type.bundle.unit-test";
		};
/* End PBXNativeTarget section */

/* Begin PBXProject section */
		6E4EBB2E19365D3000FC2546 /* Project object */ = {
			isa = PBXProject;
			attributes = {
				CLASSPREFIX = SGS;
				LastUpgradeCheck = 0510;
				ORGANIZATIONNAME = ColemanCDA;
				TargetAttributes = {
					6E4EBB5619365D3000FC2546 = {
						TestTargetID = 6E4EBB3519365D3000FC2546;
					};
				};
			};
			buildConfigurationList = 6E4EBB3119365D3000FC2546 /* Build configuration list for PBXProject "SceneGraphServer" */;
			compatibilityVersion = "Xcode 3.2";
			developmentRegion = English;
			hasScannedForEncodings = 0;
			knownRegions = (
				en,
				Base,
			);
			mainGroup = 6E4EBB2D19365D3000FC2546;
			productRefGroup = 6E4EBB3719365D3000FC2546 /* Products */;
			projectDirPath = "";
			projectRoot = "";
			targets = (
				6E4EBB3519365D3000FC2546 /* SceneGraphServer */,
				6E4EBB5619365D3000FC2546 /* SceneGraphServerTests */,
			);
		};
/* End PBXProject section */

/* Begin PBXResourcesBuildPhase section */
		6E4EBB3419365D3000FC2546 /* Resources */ = {
			isa = PBXResourcesBuildPhase;
			buildActionMask = 2147483647;
			files = (
				6E4EBB4419365D3000FC2546 /* InfoPlist.strings in Resources */,
				6E4EBB5219365D3000FC2546 /* Images.xcassets in Resources */,
				6E4EBB4A19365D3000FC2546 /* Credits.rtf in Resources */,
				6E4EBB5019365D3000FC2546 /* MainMenu.xib in Resources */,
			);
			runOnlyForDeploymentPostprocessing = 0;
		};
		6E4EBB5519365D3000FC2546 /* Resources */ = {
			isa = PBXResourcesBuildPhase;
			buildActionMask = 2147483647;
			files = (
				6E4EBB6219365D3000FC2546 /* InfoPlist.strings in Resources */,
			);
			runOnlyForDeploymentPostprocessing = 0;
		};
/* End PBXResourcesBuildPhase section */

/* Begin PBXSourcesBuildPhase section */
		6E4EBB3219365D3000FC2546 /* Sources */ = {
			isa = PBXSourcesBuildPhase;
			buildActionMask = 2147483647;
			files = (
				6E4EBB4D19365D3000FC2546 /* SGSAppDelegate.m in Sources */,
				6E4EBB4619365D3000FC2546 /* main.m in Sources */,
				6E4EBBAC193667EE00FC2546 /* SGSAppController.m in Sources */,
			);
			runOnlyForDeploymentPostprocessing = 0;
		};
		6E4EBB5319365D3000FC2546 /* Sources */ = {
			isa = PBXSourcesBuildPhase;
			buildActionMask = 2147483647;
			files = (
				6E4EBB6419365D3000FC2546 /* SceneGraphServerTests.m in Sources */,
			);
			runOnlyForDeploymentPostprocessing = 0;
		};
/* End PBXSourcesBuildPhase section */

/* Begin PBXTargetDependency section */
		6E4EBB5C19365D3000FC2546 /* PBXTargetDependency */ = {
			isa = PBXTargetDependency;
			target = 6E4EBB3519365D3000FC2546 /* SceneGraphServer */;
			targetProxy = 6E4EBB5B19365D3000FC2546 /* PBXContainerItemProxy */;
		};
/* End PBXTargetDependency section */

/* Begin PBXVariantGroup section */
		6E4EBB4219365D3000FC2546 /* InfoPlist.strings */ = {
			isa = PBXVariantGroup;
			children = (
				6E4EBB4319365D3000FC2546 /* en */,
			);
			name = InfoPlist.strings;
			sourceTree = "<group>";
		};
		6E4EBB4819365D3000FC2546 /* Credits.rtf */ = {
			isa = PBXVariantGroup;
			children = (
				6E4EBB4919365D3000FC2546 /* en */,
			);
			name = Credits.rtf;
			sourceTree = "<group>";
		};
		6E4EBB4E19365D3000FC2546 /* MainMenu.xib */ = {
			isa = PBXVariantGroup;
			children = (
				6E4EBB4F19365D3000FC2546 /* Base */,
			);
			name = MainMenu.xib;
			sourceTree = "<group>";
		};
		6E4EBB6019365D3000FC2546 /* InfoPlist.strings */ = {
			isa = PBXVariantGroup;
			children = (
				6E4EBB6119365D3000FC2546 /* en */,
			);
			name = InfoPlist.strings;
			sourceTree = "<group>";
		};
/* End PBXVariantGroup section */

/* Begin XCBuildConfiguration section */
		6E4EBB6519365D3000FC2546 /* Debug */ = {
			isa = XCBuildConfiguration;
			buildSettings = {
				ALWAYS_SEARCH_USER_PATHS = NO;
				CLANG_CXX_LANGUAGE_STANDARD = "gnu++0x";
				CLANG_CXX_LIBRARY = "libc++";
				CLANG_ENABLE_MODULES = YES;
				CLANG_ENABLE_OBJC_ARC = YES;
				CLANG_WARN_BOOL_CONVERSION = YES;
				CLANG_WARN_CONSTANT_CONVERSION = YES;
				CLANG_WARN_DIRECT_OBJC_ISA_USAGE = YES_ERROR;
				CLANG_WARN_EMPTY_BODY = YES;
				CLANG_WARN_ENUM_CONVERSION = YES;
				CLANG_WARN_INT_CONVERSION = YES;
				CLANG_WARN_OBJC_ROOT_CLASS = YES_ERROR;
				CLANG_WARN__DUPLICATE_METHOD_MATCH = YES;
				COPY_PHASE_STRIP = NO;
				GCC_C_LANGUAGE_STANDARD = gnu99;
				GCC_DYNAMIC_NO_PIC = NO;
				GCC_ENABLE_OBJC_EXCEPTIONS = YES;
				GCC_OPTIMIZATION_LEVEL = 0;
				GCC_PREPROCESSOR_DEFINITIONS = (
					"DEBUG=1",
					"$(inherited)",
				);
				GCC_SYMBOLS_PRIVATE_EXTERN = NO;
				GCC_WARN_64_TO_32_BIT_CONVERSION = YES;
				GCC_WARN_ABOUT_RETURN_TYPE = YES_ERROR;
				GCC_WARN_UNDECLARED_SELECTOR = YES;
				GCC_WARN_UNINITIALIZED_AUTOS = YES_AGGRESSIVE;
				GCC_WARN_UNUSED_FUNCTION = YES;
				GCC_WARN_UNUSED_VARIABLE = YES;
				MACOSX_DEPLOYMENT_TARGET = 10.9;
				ONLY_ACTIVE_ARCH = YES;
				SDKROOT = macosx;
			};
			name = Debug;
		};
		6E4EBB6619365D3000FC2546 /* Release */ = {
			isa = XCBuildConfiguration;
			buildSettings = {
				ALWAYS_SEARCH_USER_PATHS = NO;
				CLANG_CXX_LANGUAGE_STANDARD = "gnu++0x";
				CLANG_CXX_LIBRARY = "libc++";
				CLANG_ENABLE_MODULES = YES;
				CLANG_ENABLE_OBJC_ARC = YES;
				CLANG_WARN_BOOL_CONVERSION = YES;
				CLANG_WARN_CONSTANT_CONVERSION = YES;
				CLANG_WARN_DIRECT_OBJC_ISA_USAGE = YES_ERROR;
				CLANG_WARN_EMPTY_BODY = YES;
				CLANG_WARN_ENUM_CONVERSION = YES;
				CLANG_WARN_INT_CONVERSION = YES;
				CLANG_WARN_OBJC_ROOT_CLASS = YES_ERROR;
				CLANG_WARN__DUPLICATE_METHOD_MATCH = YES;
				COPY_PHASE_STRIP = YES;
				DEBUG_INFORMATION_FORMAT = "dwarf-with-dsym";
				ENABLE_NS_ASSERTIONS = NO;
				GCC_C_LANGUAGE_STANDARD = gnu99;
				GCC_ENABLE_OBJC_EXCEPTIONS = YES;
				GCC_WARN_64_TO_32_BIT_CONVERSION = YES;
				GCC_WARN_ABOUT_RETURN_TYPE = YES_ERROR;
				GCC_WARN_UNDECLARED_SELECTOR = YES;
				GCC_WARN_UNINITIALIZED_AUTOS = YES_AGGRESSIVE;
				GCC_WARN_UNUSED_FUNCTION = YES;
				GCC_WARN_UNUSED_VARIABLE = YES;
				MACOSX_DEPLOYMENT_TARGET = 10.9;
				SDKROOT = macosx;
			};
			name = Release;
		};
		6E4EBB6819365D3000FC2546 /* Debug */ = {
			isa = XCBuildConfiguration;
			buildSettings = {
				ASSETCATALOG_COMPILER_APPICON_NAME = AppIcon;
				COMBINE_HIDPI_IMAGES = YES;
				GCC_PRECOMPILE_PREFIX_HEADER = YES;
				GCC_PREFIX_HEADER = "SceneGraphServer/SceneGraphServer-Prefix.pch";
				INFOPLIST_FILE = "SceneGraphServer/SceneGraphServer-Info.plist";
				PRODUCT_NAME = "$(TARGET_NAME)";
				WRAPPER_EXTENSION = app;
			};
			name = Debug;
		};
		6E4EBB6919365D3000FC2546 /* Release */ = {
			isa = XCBuildConfiguration;
			buildSettings = {
				ASSETCATALOG_COMPILER_APPICON_NAME = AppIcon;
				COMBINE_HIDPI_IMAGES = YES;
				GCC_PRECOMPILE_PREFIX_HEADER = YES;
				GCC_PREFIX_HEADER = "SceneGraphServer/SceneGraphServer-Prefix.pch";
				INFOPLIST_FILE = "SceneGraphServer/SceneGraphServer-Info.plist";
				PRODUCT_NAME = "$(TARGET_NAME)";
				WRAPPER_EXTENSION = app;
			};
			name = Release;
		};
		6E4EBB6B19365D3000FC2546 /* Debug */ = {
			isa = XCBuildConfiguration;
			buildSettings = {
				BUNDLE_LOADER = "$(BUILT_PRODUCTS_DIR)/SceneGraphServer.app/Contents/MacOS/SceneGraphServer";
				COMBINE_HIDPI_IMAGES = YES;
				FRAMEWORK_SEARCH_PATHS = (
					"$(DEVELOPER_FRAMEWORKS_DIR)",
					"$(inherited)",
				);
				GCC_PRECOMPILE_PREFIX_HEADER = YES;
				GCC_PREFIX_HEADER = "SceneGraphServer/SceneGraphServer-Prefix.pch";
				GCC_PREPROCESSOR_DEFINITIONS = (
					"DEBUG=1",
					"$(inherited)",
				);
				INFOPLIST_FILE = "SceneGraphServerTests/SceneGraphServerTests-Info.plist";
				PRODUCT_NAME = "$(TARGET_NAME)";
				TEST_HOST = "$(BUNDLE_LOADER)";
				WRAPPER_EXTENSION = xctest;
			};
			name = Debug;
		};
		6E4EBB6C19365D3000FC2546 /* Release */ = {
			isa = XCBuildConfiguration;
			buildSettings = {
				BUNDLE_LOADER = "$(BUILT_PRODUCTS_DIR)/SceneGraphServer.app/Contents/MacOS/SceneGraphServer";
				COMBINE_HIDPI_IMAGES = YES;
				FRAMEWORK_SEARCH_PATHS = (
					"$(DEVELOPER_FRAMEWORKS_DIR)",
					"$(inherited)",
				);
				GCC_PRECOMPILE_PREFIX_HEADER = YES;
				GCC_PREFIX_HEADER = "SceneGraphServer/SceneGraphServer-Prefix.pch";
				INFOPLIST_FILE = "SceneGraphServerTests/SceneGraphServerTests-Info.plist";
				PRODUCT_NAME = "$(TARGET_NAME)";
				TEST_HOST = "$(BUNDLE_LOADER)";
				WRAPPER_EXTENSION = xctest;
			};
			name = Release;
		};
/* End XCBuildConfiguration section */

/* Begin XCConfigurationList section */
		6E4EBB3119365D3000FC2546 /* Build configuration list for PBXProject "SceneGraphServer" */ = {
			isa = XCConfigurationList;
			buildConfigurations = (
				6E4EBB6519365D3000FC2546 /* Debug */,
				6E4EBB6619365D3000FC2546 /* Release */,
			);
			defaultConfigurationIsVisible = 0;
			defaultConfigurationName = Release;
		};
		6E4EBB6719365D3000FC2546 /* Build configuration list for PBXNativeTarget "SceneGraphServer" */ = {
			isa = XCConfigurationList;
			buildConfigurations = (
				6E4EBB6819365D3000FC2546 /* Debug */,
				6E4EBB6919365D3000FC2546 /* Release */,
			);
			defaultConfigurationIsVisible = 0;
		};
		6E4EBB6A19365D3000FC2546 /* Build configuration list for PBXNativeTarget "SceneGraphServerTests" */ = {
			isa = XCConfigurationList;
			buildConfigurations = (
				6E4EBB6B19365D3000FC2546 /* Debug */,
				6E4EBB6C19365D3000FC2546 /* Release */,
			);
			defaultConfigurationIsVisible = 0;
		};
/* End XCConfigurationList section */
	};
	rootObject = 6E4EBB2E19365D3000FC2546 /* Project object */;
}
